<?xml version="1.0" encoding="utf-8"?>
<Project ToolsVersion="4.0" xmlns="http://schemas.microsoft.com/developer/msbuild/2003">
  <ItemGroup>
    <Filter Include="Source Files">
      <UniqueIdentifier>{4FC737F1-C7A5-4376-A066-2A32D752A2FF}</UniqueIdentifier>
      <Extensions>cpp;c;cc;cxx;def;odl;idl;hpj;bat;asm;asmx</Extensions>
    </Filter>
    <Filter Include="Header Files">
      <UniqueIdentifier>{93995380-89BD-4b04-88EB-625FBE52EBFB}</UniqueIdentifier>
      <Extensions>h;hh;hpp;hxx;hm;inl;inc;ipp;xsd</Extensions>
    </Filter>
    <Filter Include="Resource Files">
      <UniqueIdentifier>{67DA6AB6-F800-4c08-8B7A-83BB121AAD01}</UniqueIdentifier>
      <Extensions>rc;ico;cur;bmp;dlg;rc2;rct;bin;rgs;gif;jpg;jpeg;jpe;resx;tiff;tif;png;wav;mfcribbon-ms</Extensions>
    </Filter>
    <Filter Include="Source Files\Game">
      <UniqueIdentifier>{36976138-1165-4a49-9238-eee77ecd9f80}</UniqueIdentifier>
    </Filter>
    <Filter Include="Header Files\Game">
      <UniqueIdentifier>{51d583a4-c26c-4dcf-889a-b607ba07c287}</UniqueIdentifier>
    </Filter>
    <Filter Include="Header Files\Graphics">
      <UniqueIdentifier>{57d32256-2a8b-4e85-84d0-8ed53f2c4b21}</UniqueIdentifier>
    </Filter>
    <Filter Include="Source Files\Graphics">
      <UniqueIdentifier>{4302834a-33d8-4ddf-8c0d-3ac564201822}</UniqueIdentifier>
    </Filter>
    <Filter Include="Header Files\Common">
      <UniqueIdentifier>{78ea7825-a4bd-468d-9b89-3bd7ac7736ef}</UniqueIdentifier>
    </Filter>
    <Filter Include="Source Files\Common">
      <UniqueIdentifier>{674f8c32-9781-4954-82d7-4b16ed7a6d69}</UniqueIdentifier>
    </Filter>
    <Filter Include="Header Files\Shaders">
      <UniqueIdentifier>{a6136d38-b4f9-4853-891c-03be40a15a6e}</UniqueIdentifier>
    </Filter>
    <Filter Include="Source Files\Shaders">
      <UniqueIdentifier>{27f35adc-9b5f-49d2-9c9f-ed61b3216f37}</UniqueIdentifier>
    </Filter>
    <Filter Include="Header Files\Audio">
      <UniqueIdentifier>{15ca59ab-e5d1-4a19-b845-f6756a9f36c8}</UniqueIdentifier>
    </Filter>
    <Filter Include="Source Files\Audio">
      <UniqueIdentifier>{a2d68c6c-edb3-4b84-bf7b-6e36f1335b41}</UniqueIdentifier>
    </Filter>
    <Filter Include="Header Files\Common\CustomRenderers">
      <UniqueIdentifier>{a26031ea-b113-4b92-b24c-6726a661df00}</UniqueIdentifier>
    </Filter>
    <Filter Include="Source Files\Common\CustomRenderers">
      <UniqueIdentifier>{7e35a17b-d0c1-4ad7-a86b-9150664f62f1}</UniqueIdentifier>
    </Filter>
  </ItemGroup>
  <ItemGroup>
    <ClCompile Include="src\main.cpp">
      <Filter>Source Files</Filter>
    </ClCompile>
    <ClCompile Include="src\RoomManager.cpp">
      <Filter>Source Files</Filter>
    </ClCompile>
    <ClCompile Include="src\Game\Bubble.cpp">
      <Filter>Source Files\Game</Filter>
    </ClCompile>
    <ClCompile Include="src\Engine.cpp">
      <Filter>Source Files</Filter>
    </ClCompile>
    <ClCompile Include="src\InputManager.cpp">
      <Filter>Source Files</Filter>
    </ClCompile>
    <ClCompile Include="src\Game\Player.cpp">
      <Filter>Source Files\Game</Filter>
    </ClCompile>
    <ClCompile Include="src\AssetManager.cpp">
      <Filter>Source Files</Filter>
    </ClCompile>
    <ClCompile Include="src\GameObject.cpp">
      <Filter>Source Files</Filter>
    </ClCompile>
    <ClCompile Include="src\Graphics\BaseDrawable.cpp">
      <Filter>Source Files\Graphics</Filter>
    </ClCompile>
    <ClCompile Include="src\Game\Projectile.cpp">
      <Filter>Source Files\Game</Filter>
    </ClCompile>
    <ClCompile Include="src\CollisionManager.cpp">
      <Filter>Source Files</Filter>
    </ClCompile>
    <ClCompile Include="src\Common\CommonUtility.cpp">
      <Filter>Source Files\Common</Filter>
    </ClCompile>
    <ClCompile Include="src\Game\FallingBubble.cpp">
      <Filter>Source Files\Game</Filter>
    </ClCompile>
    <ClCompile Include="src\Shaders\SpriteShader.cpp">
      <Filter>Source Files\Shaders</Filter>
    </ClCompile>
    <ClCompile Include="src\Game\Scenery.cpp">
      <Filter>Source Files\Game</Filter>
    </ClCompile>
    <ClCompile Include="src\Common\LinePath.cpp">
      <Filter>Source Files\Common</Filter>
    </ClCompile>
    <ClCompile Include="src\Shaders\ScreenQuadShader.cpp">
      <Filter>Source Files\Shaders</Filter>
    </ClCompile>
    <ClCompile Include="src\Game\Logo.cpp">
      <Filter>Source Files\Game</Filter>
    </ClCompile>
    <ClCompile Include="src\Shaders\WaterShader.cpp">
      <Filter>Source Files\Shaders</Filter>
    </ClCompile>
    <ClCompile Include="src\Game\Skybox.cpp">
      <Filter>Source Files\Game</Filter>
    </ClCompile>
    <ClCompile Include="src\Shaders\CubeMapShader.cpp">
      <Filter>Source Files\Shaders</Filter>
    </ClCompile>
    <ClCompile Include="src\Audio\StreamedAudioBuffer.cpp">
      <Filter>Source Files\Audio</Filter>
    </ClCompile>
    <ClCompile Include="src\Audio\StreamedAudioPlayable.cpp">
      <Filter>Source Files\Audio</Filter>
    </ClCompile>
    <ClCompile Include="src\Game\OverlayGui.cpp">
      <Filter>Source Files\Game</Filter>
    </ClCompile>
    <ClCompile Include="src\Game\LevelSelector.cpp">
      <Filter>Source Files\Game</Filter>
    </ClCompile>
    <ClCompile Include="src\Game\OverlayText.cpp">
      <Filter>Source Files\Game</Filter>
    </ClCompile>
    <ClCompile Include="src\Common\AbstractCustomRenderer.cpp">
      <Filter>Source Files\Common</Filter>
    </ClCompile>
    <ClCompile Include="src\Common\CustomRenderers\LSNumberRenderer.cpp">
      <Filter>Source Files\Common\CustomRenderers</Filter>
    </ClCompile>
    <ClCompile Include="src\Game\OverlayGuiDetached.cpp">
      <Filter>Source Files\Game</Filter>
    </ClCompile>
    <ClCompile Include="src\Game\LimitLine.cpp">
      <Filter>Source Files\Game</Filter>
    </ClCompile>
  </ItemGroup>
  <ItemGroup>
    <ClInclude Include="src\RoomManager.h">
      <Filter>Header Files</Filter>
    </ClInclude>
    <ClInclude Include="src\GameObject.h">
      <Filter>Header Files</Filter>
    </ClInclude>
    <ClInclude Include="src\Game\Bubble.h">
      <Filter>Header Files\Game</Filter>
    </ClInclude>
    <ClInclude Include="src\Engine.h">
      <Filter>Header Files</Filter>
    </ClInclude>
    <ClInclude Include="src\InputManager.h">
      <Filter>Header Files</Filter>
    </ClInclude>
    <ClInclude Include="src\Game\Player.h">
      <Filter>Header Files\Game</Filter>
    </ClInclude>
    <ClInclude Include="src\AssetManager.h">
      <Filter>Header Files</Filter>
    </ClInclude>
    <ClInclude Include="src\Graphics\BaseDrawable.h">
      <Filter>Header Files\Graphics</Filter>
    </ClInclude>
    <ClInclude Include="src\Graphics\IDrawCallback.h">
      <Filter>Header Files\Graphics</Filter>
    </ClInclude>
    <ClInclude Include="src\Game\Projectile.h">
      <Filter>Header Files\Game</Filter>
    </ClInclude>
    <ClInclude Include="src\CollisionManager.h">
      <Filter>Header Files</Filter>
    </ClInclude>
    <ClInclude Include="src\Common\CommonTypes.h">
      <Filter>Header Files\Common</Filter>
    </ClInclude>
    <ClInclude Include="src\Common\CommonUtility.h">
      <Filter>Header Files\Common</Filter>
    </ClInclude>
    <ClInclude Include="src\Game\FallingBubble.h">
      <Filter>Header Files\Game</Filter>
    </ClInclude>
    <ClInclude Include="src\Shaders\SpriteShader.h">
      <Filter>Header Files\Shaders</Filter>
    </ClInclude>
    <ClInclude Include="src\Game\Scenery.h">
      <Filter>Header Files\Game</Filter>
    </ClInclude>
    <ClInclude Include="src\Common\LinePath.h">
      <Filter>Header Files\Common</Filter>
    </ClInclude>
    <ClInclude Include="src\Common\PerlinNoise.hpp">
      <Filter>Header Files\Common</Filter>
    </ClInclude>
    <ClInclude Include="src\Shaders\ScreenQuadShader.h">
      <Filter>Header Files\Shaders</Filter>
    </ClInclude>
    <ClInclude Include="src\Game\Logo.h">
      <Filter>Header Files\Game</Filter>
    </ClInclude>
    <ClInclude Include="src\Shaders\WaterShader.h">
      <Filter>Header Files\Shaders</Filter>
    </ClInclude>
    <ClInclude Include="src\Game\Skybox.h">
      <Filter>Header Files\Game</Filter>
    </ClInclude>
    <ClInclude Include="src\Shaders\CubeMapShader.h">
      <Filter>Header Files\Shaders</Filter>
    </ClInclude>
    <ClInclude Include="src\Audio\StreamedAudioBuffer.h">
      <Filter>Header Files\Audio</Filter>
    </ClInclude>
    <ClInclude Include="src\Audio\StreamedAudioPlayable.h">
      <Filter>Header Files\Audio</Filter>
    </ClInclude>
    <ClInclude Include="src\Game\OverlayGui.h">
      <Filter>Header Files\Game</Filter>
    </ClInclude>
    <ClInclude Include="src\Game\LevelSelector.h">
      <Filter>Header Files\Game</Filter>
    </ClInclude>
    <ClInclude Include="src\Game\OverlayText.h">
      <Filter>Header Files\Game</Filter>
    </ClInclude>
    <ClInclude Include="src\Common\AbstractCustomRenderer.h">
      <Filter>Header Files\Common</Filter>
    </ClInclude>
    <ClInclude Include="src\Common\CustomRenderers\LSNumberRenderer.h">
      <Filter>Header Files\Common\CustomRenderers</Filter>
    </ClInclude>
    <ClInclude Include="src\Game\OverlayGuiDetached.h">
      <Filter>Header Files\Game</Filter>
    </ClInclude>
    <ClInclude Include="src\Graphics\IDrawDetached.h">
      <Filter>Header Files\Graphics</Filter>
    </ClInclude>
    <ClInclude Include="src\Game\LimitLine.h">
      <Filter>Header Files\Game</Filter>
    </ClInclude>
    <ClInclude Include="src\Graphics\GameDrawable.h">
      <Filter>Header Files\Graphics</Filter>
    </ClInclude>
  </ItemGroup>
  <ItemGroup>
    <None Include="src\Common\SpriteShaderDataView.h">
      <Filter>Header Files\Common</Filter>
    </None>
  </ItemGroup>
</Project>