// !$*UTF8*$!
{
	archiveVersion = 1;
	classes = {
	};
	objectVersion = 50;
	objects = {

/* Begin PBXBuildFile section */
		05F22C732709F0DA00C34B15 /* libMagnumTrade.a in Frameworks */ = {isa = PBXBuildFile; fileRef = 05F22C632709F0DA00C34B15 /* libMagnumTrade.a */; };
		05F22C742709F0DA00C34B15 /* libMagnumShaders.a in Frameworks */ = {isa = PBXBuildFile; fileRef = 05F22C642709F0DA00C34B15 /* libMagnumShaders.a */; };
		05F22C752709F0DA00C34B15 /* libMagnumAudio.a in Frameworks */ = {isa = PBXBuildFile; fileRef = 05F22C652709F0DA00C34B15 /* libMagnumAudio.a */; };
		05F22C762709F0DA00C34B15 /* libCorradePluginManager.a in Frameworks */ = {isa = PBXBuildFile; fileRef = 05F22C662709F0DA00C34B15 /* libCorradePluginManager.a */; };
		05F22C772709F0DA00C34B15 /* libMagnumPrimitives.a in Frameworks */ = {isa = PBXBuildFile; fileRef = 05F22C672709F0DA00C34B15 /* libMagnumPrimitives.a */; };
		05F22C782709F0DA00C34B15 /* libMagnumMeshTools.a in Frameworks */ = {isa = PBXBuildFile; fileRef = 05F22C682709F0DA00C34B15 /* libMagnumMeshTools.a */; };
		05F22C792709F0DA00C34B15 /* libMagnumTextureTools.a in Frameworks */ = {isa = PBXBuildFile; fileRef = 05F22C692709F0DA00C34B15 /* libMagnumTextureTools.a */; };
		05F22C7A2709F0DA00C34B15 /* libMagnum.a in Frameworks */ = {isa = PBXBuildFile; fileRef = 05F22C6A2709F0DA00C34B15 /* libMagnum.a */; };
		05F22C7B2709F0DA00C34B15 /* libpng16.a in Frameworks */ = {isa = PBXBuildFile; fileRef = 05F22C6B2709F0DA00C34B15 /* libpng16.a */; };
		05F22C7C2709F0DA00C34B15 /* libSDL2.a in Frameworks */ = {isa = PBXBuildFile; fileRef = 05F22C6C2709F0DA00C34B15 /* libSDL2.a */; };
		05F22C7D2709F0DA00C34B15 /* libMagnumSdl2Application.a in Frameworks */ = {isa = PBXBuildFile; fileRef = 05F22C6D2709F0DA00C34B15 /* libMagnumSdl2Application.a */; };
		05F22C7E2709F0DA00C34B15 /* libCorradeInterconnect.a in Frameworks */ = {isa = PBXBuildFile; fileRef = 05F22C6E2709F0DA00C34B15 /* libCorradeInterconnect.a */; };
		05F22C7F2709F0DA00C34B15 /* libCorradeUtility.a in Frameworks */ = {isa = PBXBuildFile; fileRef = 05F22C6F2709F0DA00C34B15 /* libCorradeUtility.a */; };
		05F22C802709F0DA00C34B15 /* libMagnumSceneGraph.a in Frameworks */ = {isa = PBXBuildFile; fileRef = 05F22C702709F0DA00C34B15 /* libMagnumSceneGraph.a */; };
		05F22C812709F0DA00C34B15 /* libMagnumGL.a in Frameworks */ = {isa = PBXBuildFile; fileRef = 05F22C712709F0DA00C34B15 /* libMagnumGL.a */; };
		05F22C822709F0DA00C34B15 /* libMagnumText.a in Frameworks */ = {isa = PBXBuildFile; fileRef = 05F22C722709F0DA00C34B15 /* libMagnumText.a */; };
		05F22C842709F11B00C34B15 /* libCorradeUtility.a in Frameworks */ = {isa = PBXBuildFile; fileRef = 05F22C6F2709F0DA00C34B15 /* libCorradeUtility.a */; };
		05F22C8F2709F37200C34B15 /* libStbTrueTypeFont.a in Frameworks */ = {isa = PBXBuildFile; fileRef = 05F22C8E2709F37200C34B15 /* libStbTrueTypeFont.a */; };
		05F22C942709F38600C34B15 /* libAnySceneImporter.a in Frameworks */ = {isa = PBXBuildFile; fileRef = 05F22C902709F38600C34B15 /* libAnySceneImporter.a */; };
		05F22C952709F38600C34B15 /* libTinyGltfImporter.a in Frameworks */ = {isa = PBXBuildFile; fileRef = 05F22C912709F38600C34B15 /* libTinyGltfImporter.a */; };
		05F22C962709F38600C34B15 /* libPngImporter.a in Frameworks */ = {isa = PBXBuildFile; fileRef = 05F22C922709F38600C34B15 /* libPngImporter.a */; };
		05F22C972709F38600C34B15 /* libAnyImageImporter.a in Frameworks */ = {isa = PBXBuildFile; fileRef = 05F22C932709F38600C34B15 /* libAnyImageImporter.a */; };
		05F22C992709F3CE00C34B15 /* libStbVorbisAudioImporter.a in Frameworks */ = {isa = PBXBuildFile; fileRef = 05F22C8C2709F35900C34B15 /* libStbVorbisAudioImporter.a */; };
		05F22C9E2709F4C800C34B15 /* libSDL2main.a in Frameworks */ = {isa = PBXBuildFile; fileRef = 05F22C9D2709F4AE00C34B15 /* libSDL2main.a */; };
		05F22CA72709F55F00C34B15 /* OpenGLES.framework in Frameworks */ = {isa = PBXBuildFile; fileRef = 05F22CA02709F51A00C34B15 /* OpenGLES.framework */; };
		05F22CAA2709F56F00C34B15 /* OpenAL.framework in Frameworks */ = {isa = PBXBuildFile; fileRef = 05F22CA92709F56F00C34B15 /* OpenAL.framework */; };
		05F22CF42709F63B00C34B15 /* UIKit.framework in Frameworks */ = {isa = PBXBuildFile; fileRef = 05F22CF32709F63B00C34B15 /* UIKit.framework */; };
		05F22D0C270A041800C34B15 /* Audio in Sources */ = {isa = PBXBuildFile; fileRef = 05F22D07270A041800C34B15 /* Audio */; };
		05F22D0D270A041800C34B15 /* Common in Sources */ = {isa = PBXBuildFile; fileRef = 05F22D08270A041800C34B15 /* Common */; };
		05F22D0E270A041800C34B15 /* Game in Sources */ = {isa = PBXBuildFile; fileRef = 05F22D09270A041800C34B15 /* Game */; };
		05F22D0F270A041800C34B15 /* Graphics in Sources */ = {isa = PBXBuildFile; fileRef = 05F22D0A270A041800C34B15 /* Graphics */; };
		05F22D10270A041800C34B15 /* Shaders in Sources */ = {isa = PBXBuildFile; fileRef = 05F22D0B270A041800C34B15 /* Shaders */; };
		AF47A60E26FFE431008C9704 /* Main.swift in Sources */ = {isa = PBXBuildFile; fileRef = AF47A60D26FFE431008C9704 /* Main.swift */; };
		AFB14BF427006FB5005837DE /* GameWrapper.h in Sources */ = {isa = PBXBuildFile; fileRef = AF47A61226FFE6BE008C9704 /* GameWrapper.h */; };
		AFB14BF527006FB5005837DE /* GameWrapper.mm in Sources */ = {isa = PBXBuildFile; fileRef = AF47A61426FFE73C008C9704 /* GameWrapper.mm */; };
		AFB14BF627006FB5005837DE /* AssetManager.cpp in Sources */ = {isa = PBXBuildFile; fileRef = AF47A62126FFE8A2008C9704 /* AssetManager.cpp */; };
		AFB14BF727006FB5005837DE /* AssetManager.h in Sources */ = {isa = PBXBuildFile; fileRef = AF47A62226FFE8A2008C9704 /* AssetManager.h */; };
		AFB14BF827006FB5005837DE /* CollisionManager.cpp in Sources */ = {isa = PBXBuildFile; fileRef = AF47A62826FFE8A4008C9704 /* CollisionManager.cpp */; };
		AFB14BF927006FB5005837DE /* CollisionManager.h in Sources */ = {isa = PBXBuildFile; fileRef = AF47A62926FFE8A4008C9704 /* CollisionManager.h */; };
		AFB14BFA27006FB5005837DE /* Engine.cpp in Sources */ = {isa = PBXBuildFile; fileRef = AF47A61D26FFE8A1008C9704 /* Engine.cpp */; };
		AFB14BFB27006FB5005837DE /* Engine.h in Sources */ = {isa = PBXBuildFile; fileRef = AF47A62526FFE8A3008C9704 /* Engine.h */; };
		AFB14BFC27006FB5005837DE /* GameObject.cpp in Sources */ = {isa = PBXBuildFile; fileRef = AF47A62726FFE8A3008C9704 /* GameObject.cpp */; };
		AFB14BFD27006FB5005837DE /* GameObject.h in Sources */ = {isa = PBXBuildFile; fileRef = AF47A61E26FFE8A2008C9704 /* GameObject.h */; };
		AFB14BFE27006FB5005837DE /* InputManager.cpp in Sources */ = {isa = PBXBuildFile; fileRef = AF47A61F26FFE8A2008C9704 /* InputManager.cpp */; };
		AFB14BFF27006FB5005837DE /* InputManager.h in Sources */ = {isa = PBXBuildFile; fileRef = AF47A62326FFE8A3008C9704 /* InputManager.h */; };
		AFB14C0027006FB5005837DE /* RoomManager.cpp in Sources */ = {isa = PBXBuildFile; fileRef = AF47A62026FFE8A2008C9704 /* RoomManager.cpp */; };
		AFB14C0127006FB5005837DE /* RoomManager.h in Sources */ = {isa = PBXBuildFile; fileRef = AF47A61A26FFE8A1008C9704 /* RoomManager.h */; };
		AFB14C0227006FB5005837DE /* BridgingHeader.h in Sources */ = {isa = PBXBuildFile; fileRef = AF47A61326FFE73B008C9704 /* BridgingHeader.h */; };
		AFFB4E3C26FF48DE00FD2500 /* Assets.xcassets in Resources */ = {isa = PBXBuildFile; fileRef = AFFB4E3B26FF48DE00FD2500 /* Assets.xcassets */; };
/* End PBXBuildFile section */

/* Begin PBXFileReference section */
		05F22C632709F0DA00C34B15 /* libMagnumTrade.a */ = {isa = PBXFileReference; lastKnownFileType = archive.ar; name = libMagnumTrade.a; path = "../../../../Development/ios-sim64/lib/libMagnumTrade.a"; sourceTree = "<group>"; };
		05F22C642709F0DA00C34B15 /* libMagnumShaders.a */ = {isa = PBXFileReference; lastKnownFileType = archive.ar; name = libMagnumShaders.a; path = "../../../../Development/ios-sim64/lib/libMagnumShaders.a"; sourceTree = "<group>"; };
		05F22C652709F0DA00C34B15 /* libMagnumAudio.a */ = {isa = PBXFileReference; lastKnownFileType = archive.ar; name = libMagnumAudio.a; path = "../../../../Development/ios-sim64/lib/libMagnumAudio.a"; sourceTree = "<group>"; };
		05F22C662709F0DA00C34B15 /* libCorradePluginManager.a */ = {isa = PBXFileReference; lastKnownFileType = archive.ar; name = libCorradePluginManager.a; path = "../../../../Development/ios-sim64/lib/libCorradePluginManager.a"; sourceTree = "<group>"; };
		05F22C672709F0DA00C34B15 /* libMagnumPrimitives.a */ = {isa = PBXFileReference; lastKnownFileType = archive.ar; name = libMagnumPrimitives.a; path = "../../../../Development/ios-sim64/lib/libMagnumPrimitives.a"; sourceTree = "<group>"; };
		05F22C682709F0DA00C34B15 /* libMagnumMeshTools.a */ = {isa = PBXFileReference; lastKnownFileType = archive.ar; name = libMagnumMeshTools.a; path = "../../../../Development/ios-sim64/lib/libMagnumMeshTools.a"; sourceTree = "<group>"; };
		05F22C692709F0DA00C34B15 /* libMagnumTextureTools.a */ = {isa = PBXFileReference; lastKnownFileType = archive.ar; name = libMagnumTextureTools.a; path = "../../../../Development/ios-sim64/lib/libMagnumTextureTools.a"; sourceTree = "<group>"; };
		05F22C6A2709F0DA00C34B15 /* libMagnum.a */ = {isa = PBXFileReference; lastKnownFileType = archive.ar; name = libMagnum.a; path = "../../../../Development/ios-sim64/lib/libMagnum.a"; sourceTree = "<group>"; };
		05F22C6B2709F0DA00C34B15 /* libpng16.a */ = {isa = PBXFileReference; lastKnownFileType = archive.ar; name = libpng16.a; path = "../../../../Development/ios-sim64/lib/libpng16.a"; sourceTree = "<group>"; };
		05F22C6C2709F0DA00C34B15 /* libSDL2.a */ = {isa = PBXFileReference; lastKnownFileType = archive.ar; name = libSDL2.a; path = "../../../../Development/ios-sim64/lib/libSDL2.a"; sourceTree = "<group>"; };
		05F22C6D2709F0DA00C34B15 /* libMagnumSdl2Application.a */ = {isa = PBXFileReference; lastKnownFileType = archive.ar; name = libMagnumSdl2Application.a; path = "../../../../Development/ios-sim64/lib/libMagnumSdl2Application.a"; sourceTree = "<group>"; };
		05F22C6E2709F0DA00C34B15 /* libCorradeInterconnect.a */ = {isa = PBXFileReference; lastKnownFileType = archive.ar; name = libCorradeInterconnect.a; path = "../../../../Development/ios-sim64/lib/libCorradeInterconnect.a"; sourceTree = "<group>"; };
		05F22C6F2709F0DA00C34B15 /* libCorradeUtility.a */ = {isa = PBXFileReference; lastKnownFileType = archive.ar; name = libCorradeUtility.a; path = "../../../../Development/ios-sim64/lib/libCorradeUtility.a"; sourceTree = "<group>"; };
		05F22C702709F0DA00C34B15 /* libMagnumSceneGraph.a */ = {isa = PBXFileReference; lastKnownFileType = archive.ar; name = libMagnumSceneGraph.a; path = "../../../../Development/ios-sim64/lib/libMagnumSceneGraph.a"; sourceTree = "<group>"; };
		05F22C712709F0DA00C34B15 /* libMagnumGL.a */ = {isa = PBXFileReference; lastKnownFileType = archive.ar; name = libMagnumGL.a; path = "../../../../Development/ios-sim64/lib/libMagnumGL.a"; sourceTree = "<group>"; };
		05F22C722709F0DA00C34B15 /* libMagnumText.a */ = {isa = PBXFileReference; lastKnownFileType = archive.ar; name = libMagnumText.a; path = "../../../../Development/ios-sim64/lib/libMagnumText.a"; sourceTree = "<group>"; };
		05F22C872709F34500C34B15 /* magnum */ = {isa = PBXFileReference; lastKnownFileType = folder; name = magnum; path = "../../../../Development/ios-sim64/lib/magnum"; sourceTree = "<group>"; };
		05F22C8C2709F35900C34B15 /* libStbVorbisAudioImporter.a */ = {isa = PBXFileReference; lastKnownFileType = archive.ar; name = libStbVorbisAudioImporter.a; path = "../../../../Development/ios-sim64/lib/magnum/audioimporters/libStbVorbisAudioImporter.a"; sourceTree = "<group>"; };
		05F22C8E2709F37200C34B15 /* libStbTrueTypeFont.a */ = {isa = PBXFileReference; lastKnownFileType = archive.ar; name = libStbTrueTypeFont.a; path = "../../../../Development/ios-sim64/lib/magnum/fonts/libStbTrueTypeFont.a"; sourceTree = "<group>"; };
		05F22C902709F38600C34B15 /* libAnySceneImporter.a */ = {isa = PBXFileReference; lastKnownFileType = archive.ar; name = libAnySceneImporter.a; path = "../../../../Development/ios-sim64/lib/magnum/importers/libAnySceneImporter.a"; sourceTree = "<group>"; };
		05F22C912709F38600C34B15 /* libTinyGltfImporter.a */ = {isa = PBXFileReference; lastKnownFileType = archive.ar; name = libTinyGltfImporter.a; path = "../../../../Development/ios-sim64/lib/magnum/importers/libTinyGltfImporter.a"; sourceTree = "<group>"; };
		05F22C922709F38600C34B15 /* libPngImporter.a */ = {isa = PBXFileReference; lastKnownFileType = archive.ar; name = libPngImporter.a; path = "../../../../Development/ios-sim64/lib/magnum/importers/libPngImporter.a"; sourceTree = "<group>"; };
		05F22C932709F38600C34B15 /* libAnyImageImporter.a */ = {isa = PBXFileReference; lastKnownFileType = archive.ar; name = libAnyImageImporter.a; path = "../../../../Development/ios-sim64/lib/magnum/importers/libAnyImageImporter.a"; sourceTree = "<group>"; };
		05F22C9D2709F4AE00C34B15 /* libSDL2main.a */ = {isa = PBXFileReference; lastKnownFileType = archive.ar; name = libSDL2main.a; path = "../../../../Development/ios-sim64/lib/libSDL2main.a"; sourceTree = "<group>"; };
		05F22CA02709F51A00C34B15 /* OpenGLES.framework */ = {isa = PBXFileReference; lastKnownFileType = wrapper.framework; name = OpenGLES.framework; path = System/Library/Frameworks/OpenGLES.framework; sourceTree = SDKROOT; };
		05F22CA32709F53B00C34B15 /* Metal.framework */ = {isa = PBXFileReference; lastKnownFileType = wrapper.framework; name = Metal.framework; path = System/Library/Frameworks/Metal.framework; sourceTree = SDKROOT; };
		05F22CA92709F56F00C34B15 /* OpenAL.framework */ = {isa = PBXFileReference; lastKnownFileType = wrapper.framework; name = OpenAL.framework; path = System/Library/Frameworks/OpenAL.framework; sourceTree = SDKROOT; };
		05F22CF32709F63B00C34B15 /* UIKit.framework */ = {isa = PBXFileReference; lastKnownFileType = wrapper.framework; name = UIKit.framework; path = System/Library/Frameworks/UIKit.framework; sourceTree = SDKROOT; };
		05F22CF62709F6BF00C34B15 /* AudioToolbox.framework */ = {isa = PBXFileReference; lastKnownFileType = wrapper.framework; name = AudioToolbox.framework; path = System/Library/Frameworks/AudioToolbox.framework; sourceTree = SDKROOT; };
		05F22CF92709F6E800C34B15 /* AVFoundation.framework */ = {isa = PBXFileReference; lastKnownFileType = wrapper.framework; name = AVFoundation.framework; path = System/Library/Frameworks/AVFoundation.framework; sourceTree = SDKROOT; };
		05F22CFC2709F72700C34B15 /* GameController.framework */ = {isa = PBXFileReference; lastKnownFileType = wrapper.framework; name = GameController.framework; path = System/Library/Frameworks/GameController.framework; sourceTree = SDKROOT; };
		05F22D002709F8AF00C34B15 /* CoreBluetooth.framework */ = {isa = PBXFileReference; lastKnownFileType = wrapper.framework; name = CoreBluetooth.framework; path = System/Library/Frameworks/CoreBluetooth.framework; sourceTree = SDKROOT; };
		05F22D07270A041800C34B15 /* Audio */ = {isa = PBXFileReference; lastKnownFileType = folder; name = Audio; path = ../src/Audio; sourceTree = "<group>"; };
		05F22D08270A041800C34B15 /* Common */ = {isa = PBXFileReference; lastKnownFileType = folder; name = Common; path = ../src/Common; sourceTree = "<group>"; };
		05F22D09270A041800C34B15 /* Game */ = {isa = PBXFileReference; lastKnownFileType = folder; name = Game; path = ../src/Game; sourceTree = "<group>"; };
		05F22D0A270A041800C34B15 /* Graphics */ = {isa = PBXFileReference; lastKnownFileType = folder; name = Graphics; path = ../src/Graphics; sourceTree = "<group>"; };
		05F22D0B270A041800C34B15 /* Shaders */ = {isa = PBXFileReference; lastKnownFileType = folder; name = Shaders; path = ../src/Shaders; sourceTree = "<group>"; };
		AF47A60D26FFE431008C9704 /* Main.swift */ = {isa = PBXFileReference; lastKnownFileType = sourcecode.swift; path = Main.swift; sourceTree = "<group>"; };
		AF47A61226FFE6BE008C9704 /* GameWrapper.h */ = {isa = PBXFileReference; lastKnownFileType = sourcecode.c.h; path = GameWrapper.h; sourceTree = "<group>"; };
		AF47A61326FFE73B008C9704 /* BridgingHeader.h */ = {isa = PBXFileReference; lastKnownFileType = sourcecode.c.h; path = BridgingHeader.h; sourceTree = "<group>"; };
		AF47A61426FFE73C008C9704 /* GameWrapper.mm */ = {isa = PBXFileReference; lastKnownFileType = sourcecode.cpp.objcpp; path = GameWrapper.mm; sourceTree = "<group>"; };
		AF47A61A26FFE8A1008C9704 /* RoomManager.h */ = {isa = PBXFileReference; fileEncoding = 4; lastKnownFileType = sourcecode.c.h; name = RoomManager.h; path = ../../../src/RoomManager.h; sourceTree = "<group>"; };
		AF47A61D26FFE8A1008C9704 /* Engine.cpp */ = {isa = PBXFileReference; fileEncoding = 4; lastKnownFileType = sourcecode.cpp.cpp; name = Engine.cpp; path = ../../../src/Engine.cpp; sourceTree = "<group>"; };
		AF47A61E26FFE8A2008C9704 /* GameObject.h */ = {isa = PBXFileReference; fileEncoding = 4; lastKnownFileType = sourcecode.c.h; name = GameObject.h; path = ../../../src/GameObject.h; sourceTree = "<group>"; };
		AF47A61F26FFE8A2008C9704 /* InputManager.cpp */ = {isa = PBXFileReference; fileEncoding = 4; lastKnownFileType = sourcecode.cpp.cpp; name = InputManager.cpp; path = ../../../src/InputManager.cpp; sourceTree = "<group>"; };
		AF47A62026FFE8A2008C9704 /* RoomManager.cpp */ = {isa = PBXFileReference; fileEncoding = 4; lastKnownFileType = sourcecode.cpp.cpp; name = RoomManager.cpp; path = ../../../src/RoomManager.cpp; sourceTree = "<group>"; };
		AF47A62126FFE8A2008C9704 /* AssetManager.cpp */ = {isa = PBXFileReference; fileEncoding = 4; lastKnownFileType = sourcecode.cpp.cpp; name = AssetManager.cpp; path = ../../../src/AssetManager.cpp; sourceTree = "<group>"; };
		AF47A62226FFE8A2008C9704 /* AssetManager.h */ = {isa = PBXFileReference; fileEncoding = 4; lastKnownFileType = sourcecode.c.h; name = AssetManager.h; path = ../../../src/AssetManager.h; sourceTree = "<group>"; };
		AF47A62326FFE8A3008C9704 /* InputManager.h */ = {isa = PBXFileReference; fileEncoding = 4; lastKnownFileType = sourcecode.c.h; name = InputManager.h; path = ../../../src/InputManager.h; sourceTree = "<group>"; };
		AF47A62526FFE8A3008C9704 /* Engine.h */ = {isa = PBXFileReference; fileEncoding = 4; lastKnownFileType = sourcecode.c.h; name = Engine.h; path = ../../../src/Engine.h; sourceTree = "<group>"; };
		AF47A62626FFE8A3008C9704 /* Audio */ = {isa = PBXFileReference; lastKnownFileType = folder; name = Audio; path = ../../../src/Audio; sourceTree = "<group>"; };
		AF47A62726FFE8A3008C9704 /* GameObject.cpp */ = {isa = PBXFileReference; fileEncoding = 4; lastKnownFileType = sourcecode.cpp.cpp; name = GameObject.cpp; path = ../../../src/GameObject.cpp; sourceTree = "<group>"; };
		AF47A62826FFE8A4008C9704 /* CollisionManager.cpp */ = {isa = PBXFileReference; fileEncoding = 4; lastKnownFileType = sourcecode.cpp.cpp; name = CollisionManager.cpp; path = ../../../src/CollisionManager.cpp; sourceTree = "<group>"; };
		AF47A62926FFE8A4008C9704 /* CollisionManager.h */ = {isa = PBXFileReference; fileEncoding = 4; lastKnownFileType = sourcecode.c.h; name = CollisionManager.h; path = ../../../src/CollisionManager.h; sourceTree = "<group>"; };
		AFB14C0627007181005837DE /* libMagnum.a */ = {isa = PBXFileReference; lastKnownFileType = archive.ar; name = libMagnum.a; path = "../../../Users/etuitus/ios-libs/lib/libMagnum.a"; sourceTree = "<group>"; };
		AFB14C0727007182005837DE /* libCorradeTestSuite.a */ = {isa = PBXFileReference; lastKnownFileType = archive.ar; name = libCorradeTestSuite.a; path = "../../../Users/etuitus/ios-libs/lib/libCorradeTestSuite.a"; sourceTree = "<group>"; };
		AFB14C0827007182005837DE /* libMagnumAudio.a */ = {isa = PBXFileReference; lastKnownFileType = archive.ar; name = libMagnumAudio.a; path = "../../../Users/etuitus/ios-libs/lib/libMagnumAudio.a"; sourceTree = "<group>"; };
		AFB14C0927007182005837DE /* libCorradeUtility.a */ = {isa = PBXFileReference; lastKnownFileType = archive.ar; name = libCorradeUtility.a; path = "../../../Users/etuitus/ios-libs/lib/libCorradeUtility.a"; sourceTree = "<group>"; };
		AFB14C0A27007183005837DE /* libMagnumPrimitives.a */ = {isa = PBXFileReference; lastKnownFileType = archive.ar; name = libMagnumPrimitives.a; path = "../../../Users/etuitus/ios-libs/lib/libMagnumPrimitives.a"; sourceTree = "<group>"; };
		AFB14C0B27007183005837DE /* libMagnumSdl2Application.a */ = {isa = PBXFileReference; lastKnownFileType = archive.ar; name = libMagnumSdl2Application.a; path = "../../../Users/etuitus/ios-libs/lib/libMagnumSdl2Application.a"; sourceTree = "<group>"; };
		AFB14C0C27007184005837DE /* libMagnumGL.a */ = {isa = PBXFileReference; lastKnownFileType = archive.ar; name = libMagnumGL.a; path = "../../../Users/etuitus/ios-libs/lib/libMagnumGL.a"; sourceTree = "<group>"; };
		AFB14C0D27007184005837DE /* libMagnumMeshTools.a */ = {isa = PBXFileReference; lastKnownFileType = archive.ar; name = libMagnumMeshTools.a; path = "../../../Users/etuitus/ios-libs/lib/libMagnumMeshTools.a"; sourceTree = "<group>"; };
		AFB14C0E27007184005837DE /* libCorradePluginManager.a */ = {isa = PBXFileReference; lastKnownFileType = archive.ar; name = libCorradePluginManager.a; path = "../../../Users/etuitus/ios-libs/lib/libCorradePluginManager.a"; sourceTree = "<group>"; };
		AFB14C0F27007185005837DE /* libCorradeInterconnect.a */ = {isa = PBXFileReference; lastKnownFileType = archive.ar; name = libCorradeInterconnect.a; path = "../../../Users/etuitus/ios-libs/lib/libCorradeInterconnect.a"; sourceTree = "<group>"; };
		AFB14C1A270071B7005837DE /* libMagnumText.a */ = {isa = PBXFileReference; lastKnownFileType = archive.ar; name = libMagnumText.a; path = "../../../Users/etuitus/ios-libs/lib/libMagnumText.a"; sourceTree = "<group>"; };
		AFB14C1B270071B7005837DE /* libMagnumTrade.a */ = {isa = PBXFileReference; lastKnownFileType = archive.ar; name = libMagnumTrade.a; path = "../../../Users/etuitus/ios-libs/lib/libMagnumTrade.a"; sourceTree = "<group>"; };
		AFB14C1C270071B8005837DE /* libMagnumShaders.a */ = {isa = PBXFileReference; lastKnownFileType = archive.ar; name = libMagnumShaders.a; path = "../../../Users/etuitus/ios-libs/lib/libMagnumShaders.a"; sourceTree = "<group>"; };
		AFB14C1D270071B8005837DE /* libMagnumTextureTools.a */ = {isa = PBXFileReference; lastKnownFileType = archive.ar; name = libMagnumTextureTools.a; path = "../../../Users/etuitus/ios-libs/lib/libMagnumTextureTools.a"; sourceTree = "<group>"; };
		AFB14C1E270071B8005837DE /* libSDL2.a */ = {isa = PBXFileReference; lastKnownFileType = archive.ar; name = libSDL2.a; path = "../../../Users/etuitus/ios-libs/lib/libSDL2.a"; sourceTree = "<group>"; };
		AFB14C1F270071B8005837DE /* libMagnumSceneGraph.a */ = {isa = PBXFileReference; lastKnownFileType = archive.ar; name = libMagnumSceneGraph.a; path = "../../../Users/etuitus/ios-libs/lib/libMagnumSceneGraph.a"; sourceTree = "<group>"; };
		AFB14C392700726C005837DE /* libMagnumDebugTools.a */ = {isa = PBXFileReference; lastKnownFileType = archive.ar; name = libMagnumDebugTools.a; path = "../../../Users/etuitus/ios-libs/lib/libMagnumDebugTools.a"; sourceTree = "<group>"; };
		AFBB5D2F26FFEE2F00D48B1B /* Graphics */ = {isa = PBXFileReference; lastKnownFileType = folder; name = Graphics; path = ../../../src/Graphics; sourceTree = "<group>"; };
		AFBB5D3026FFEE2F00D48B1B /* Game */ = {isa = PBXFileReference; lastKnownFileType = folder; name = Game; path = ../../../src/Game; sourceTree = "<group>"; };
		AFBB5D3126FFEE2F00D48B1B /* Common */ = {isa = PBXFileReference; lastKnownFileType = folder; name = Common; path = ../../../src/Common; sourceTree = "<group>"; };
		AFBB5D3226FFEE2F00D48B1B /* Shaders */ = {isa = PBXFileReference; lastKnownFileType = folder; name = Shaders; path = ../../../src/Shaders; sourceTree = "<group>"; };
		AFFB4E3426FF48DC00FD2500 /* breakmycircle_sim.app */ = {isa = PBXFileReference; explicitFileType = wrapper.application; includeInIndex = 0; path = breakmycircle_sim.app; sourceTree = BUILT_PRODUCTS_DIR; };
		AFFB4E3B26FF48DE00FD2500 /* Assets.xcassets */ = {isa = PBXFileReference; lastKnownFileType = folder.assetcatalog; path = Assets.xcassets; sourceTree = "<group>"; };
		AFFB4E4026FF48DE00FD2500 /* Info.plist */ = {isa = PBXFileReference; lastKnownFileType = text.plist.xml; path = Info.plist; sourceTree = "<group>"; };
/* End PBXFileReference section */

/* Begin PBXFrameworksBuildPhase section */
		AFFB4E3126FF48DC00FD2500 /* Frameworks */ = {
			isa = PBXFrameworksBuildPhase;
			buildActionMask = 2147483647;
			files = (
				05F22CF42709F63B00C34B15 /* UIKit.framework in Frameworks */,
				05F22CA72709F55F00C34B15 /* OpenGLES.framework in Frameworks */,
				05F22CAA2709F56F00C34B15 /* OpenAL.framework in Frameworks */,
				05F22C7B2709F0DA00C34B15 /* libpng16.a in Frameworks */,
				05F22C7C2709F0DA00C34B15 /* libSDL2.a in Frameworks */,
				05F22C9E2709F4C800C34B15 /* libSDL2main.a in Frameworks */,
				05F22C7E2709F0DA00C34B15 /* libCorradeInterconnect.a in Frameworks */,
				05F22C7F2709F0DA00C34B15 /* libCorradeUtility.a in Frameworks */,
				05F22C762709F0DA00C34B15 /* libCorradePluginManager.a in Frameworks */,
				05F22C732709F0DA00C34B15 /* libMagnumTrade.a in Frameworks */,
				05F22C742709F0DA00C34B15 /* libMagnumShaders.a in Frameworks */,
				05F22C752709F0DA00C34B15 /* libMagnumAudio.a in Frameworks */,
				05F22C772709F0DA00C34B15 /* libMagnumPrimitives.a in Frameworks */,
				05F22C842709F11B00C34B15 /* libCorradeUtility.a in Frameworks */,
				05F22C782709F0DA00C34B15 /* libMagnumMeshTools.a in Frameworks */,
				05F22C792709F0DA00C34B15 /* libMagnumTextureTools.a in Frameworks */,
				05F22C7A2709F0DA00C34B15 /* libMagnum.a in Frameworks */,
				05F22C7D2709F0DA00C34B15 /* libMagnumSdl2Application.a in Frameworks */,
				05F22C802709F0DA00C34B15 /* libMagnumSceneGraph.a in Frameworks */,
				05F22C812709F0DA00C34B15 /* libMagnumGL.a in Frameworks */,
				05F22C822709F0DA00C34B15 /* libMagnumText.a in Frameworks */,
				05F22C992709F3CE00C34B15 /* libStbVorbisAudioImporter.a in Frameworks */,
				05F22C8F2709F37200C34B15 /* libStbTrueTypeFont.a in Frameworks */,
				05F22C942709F38600C34B15 /* libAnySceneImporter.a in Frameworks */,
				05F22C952709F38600C34B15 /* libTinyGltfImporter.a in Frameworks */,
				05F22C962709F38600C34B15 /* libPngImporter.a in Frameworks */,
				05F22C972709F38600C34B15 /* libAnyImageImporter.a in Frameworks */,
			);
			runOnlyForDeploymentPostprocessing = 0;
		};
/* End PBXFrameworksBuildPhase section */

/* Begin PBXGroup section */
		AF47A61926FFE856008C9704 /* Sources */ = {
			isa = PBXGroup;
			children = (
				AF47A62626FFE8A3008C9704 /* Audio */,
				AFBB5D3126FFEE2F00D48B1B /* Common */,
				AFBB5D3026FFEE2F00D48B1B /* Game */,
				AFBB5D2F26FFEE2F00D48B1B /* Graphics */,
				AFBB5D3226FFEE2F00D48B1B /* Shaders */,
				AF47A61226FFE6BE008C9704 /* GameWrapper.h */,
				AF47A61426FFE73C008C9704 /* GameWrapper.mm */,
				AF47A62126FFE8A2008C9704 /* AssetManager.cpp */,
				AF47A62226FFE8A2008C9704 /* AssetManager.h */,
				AF47A62826FFE8A4008C9704 /* CollisionManager.cpp */,
				AF47A62926FFE8A4008C9704 /* CollisionManager.h */,
				AF47A61D26FFE8A1008C9704 /* Engine.cpp */,
				AF47A62526FFE8A3008C9704 /* Engine.h */,
				AF47A62726FFE8A3008C9704 /* GameObject.cpp */,
				AF47A61E26FFE8A2008C9704 /* GameObject.h */,
				AF47A61F26FFE8A2008C9704 /* InputManager.cpp */,
				AF47A62326FFE8A3008C9704 /* InputManager.h */,
				AF47A62026FFE8A2008C9704 /* RoomManager.cpp */,
				AF47A61A26FFE8A1008C9704 /* RoomManager.h */,
				AF47A61326FFE73B008C9704 /* BridgingHeader.h */,
			);
			path = Sources;
			sourceTree = "<group>";
		};
		AFB14C0527007181005837DE /* Frameworks */ = {
			isa = PBXGroup;
			children = (
				05F22D002709F8AF00C34B15 /* CoreBluetooth.framework */,
				05F22CFC2709F72700C34B15 /* GameController.framework */,
				05F22CF92709F6E800C34B15 /* AVFoundation.framework */,
				05F22CF62709F6BF00C34B15 /* AudioToolbox.framework */,
				05F22CF32709F63B00C34B15 /* UIKit.framework */,
				05F22CA92709F56F00C34B15 /* OpenAL.framework */,
				05F22CA32709F53B00C34B15 /* Metal.framework */,
				05F22CA02709F51A00C34B15 /* OpenGLES.framework */,
				05F22C9D2709F4AE00C34B15 /* libSDL2main.a */,
				05F22C932709F38600C34B15 /* libAnyImageImporter.a */,
				05F22C902709F38600C34B15 /* libAnySceneImporter.a */,
				05F22C922709F38600C34B15 /* libPngImporter.a */,
				05F22C912709F38600C34B15 /* libTinyGltfImporter.a */,
				05F22C8E2709F37200C34B15 /* libStbTrueTypeFont.a */,
				05F22C8C2709F35900C34B15 /* libStbVorbisAudioImporter.a */,
				05F22C872709F34500C34B15 /* magnum */,
				05F22C6E2709F0DA00C34B15 /* libCorradeInterconnect.a */,
				05F22C662709F0DA00C34B15 /* libCorradePluginManager.a */,
				05F22C6F2709F0DA00C34B15 /* libCorradeUtility.a */,
				05F22C6A2709F0DA00C34B15 /* libMagnum.a */,
				05F22C652709F0DA00C34B15 /* libMagnumAudio.a */,
				05F22C712709F0DA00C34B15 /* libMagnumGL.a */,
				05F22C682709F0DA00C34B15 /* libMagnumMeshTools.a */,
				05F22C672709F0DA00C34B15 /* libMagnumPrimitives.a */,
				05F22C702709F0DA00C34B15 /* libMagnumSceneGraph.a */,
				05F22C6D2709F0DA00C34B15 /* libMagnumSdl2Application.a */,
				05F22C642709F0DA00C34B15 /* libMagnumShaders.a */,
				05F22C722709F0DA00C34B15 /* libMagnumText.a */,
				05F22C692709F0DA00C34B15 /* libMagnumTextureTools.a */,
				05F22C632709F0DA00C34B15 /* libMagnumTrade.a */,
				05F22C6B2709F0DA00C34B15 /* libpng16.a */,
				05F22C6C2709F0DA00C34B15 /* libSDL2.a */,
				AFB14C392700726C005837DE /* libMagnumDebugTools.a */,
				AFB14C1F270071B8005837DE /* libMagnumSceneGraph.a */,
				AFB14C1C270071B8005837DE /* libMagnumShaders.a */,
				AFB14C1A270071B7005837DE /* libMagnumText.a */,
				AFB14C1D270071B8005837DE /* libMagnumTextureTools.a */,
				AFB14C1B270071B7005837DE /* libMagnumTrade.a */,
				AFB14C1E270071B8005837DE /* libSDL2.a */,
				AFB14C0F27007185005837DE /* libCorradeInterconnect.a */,
				AFB14C0E27007184005837DE /* libCorradePluginManager.a */,
				AFB14C0727007182005837DE /* libCorradeTestSuite.a */,
				AFB14C0927007182005837DE /* libCorradeUtility.a */,
				AFB14C0627007181005837DE /* libMagnum.a */,
				AFB14C0827007182005837DE /* libMagnumAudio.a */,
				AFB14C0C27007184005837DE /* libMagnumGL.a */,
				AFB14C0D27007184005837DE /* libMagnumMeshTools.a */,
				AFB14C0A27007183005837DE /* libMagnumPrimitives.a */,
				AFB14C0B27007183005837DE /* libMagnumSdl2Application.a */,
			);
			name = Frameworks;
			sourceTree = "<group>";
		};
		AFFB4E2B26FF48DC00FD2500 = {
			isa = PBXGroup;
			children = (
				05F22D07270A041800C34B15 /* Audio */,
				05F22D08270A041800C34B15 /* Common */,
				05F22D09270A041800C34B15 /* Game */,
				05F22D0A270A041800C34B15 /* Graphics */,
				05F22D0B270A041800C34B15 /* Shaders */,
				AFFB4E3626FF48DC00FD2500 /* breakmycircle */,
				AFFB4E3526FF48DC00FD2500 /* Products */,
				AFB14C0527007181005837DE /* Frameworks */,
			);
			sourceTree = "<group>";
		};
		AFFB4E3526FF48DC00FD2500 /* Products */ = {
			isa = PBXGroup;
			children = (
				AFFB4E3426FF48DC00FD2500 /* breakmycircle_sim.app */,
			);
			name = Products;
			sourceTree = "<group>";
		};
		AFFB4E3626FF48DC00FD2500 /* breakmycircle */ = {
			isa = PBXGroup;
			children = (
				AF47A61926FFE856008C9704 /* Sources */,
				AFFB4E3B26FF48DE00FD2500 /* Assets.xcassets */,
				AFFB4E4026FF48DE00FD2500 /* Info.plist */,
				AF47A60D26FFE431008C9704 /* Main.swift */,
			);
			path = breakmycircle;
			sourceTree = "<group>";
		};
/* End PBXGroup section */

/* Begin PBXNativeTarget section */
		AFFB4E3326FF48DC00FD2500 /* breakmycircle_sim */ = {
			isa = PBXNativeTarget;
			buildConfigurationList = AFFB4E4326FF48DE00FD2500 /* Build configuration list for PBXNativeTarget "breakmycircle_sim" */;
			buildPhases = (
				AFFB4E3026FF48DC00FD2500 /* Sources */,
				AFFB4E3126FF48DC00FD2500 /* Frameworks */,
				AFFB4E3226FF48DC00FD2500 /* Resources */,
			);
			buildRules = (
			);
			dependencies = (
			);
			name = breakmycircle_sim;
			productName = breakmycircle;
			productReference = AFFB4E3426FF48DC00FD2500 /* breakmycircle_sim.app */;
			productType = "com.apple.product-type.application";
		};
/* End PBXNativeTarget section */

/* Begin PBXProject section */
		AFFB4E2C26FF48DC00FD2500 /* Project object */ = {
			isa = PBXProject;
			attributes = {
				LastSwiftUpdateCheck = 1240;
				LastUpgradeCheck = 1240;
				TargetAttributes = {
					AFFB4E3326FF48DC00FD2500 = {
						CreatedOnToolsVersion = 12.4;
						LastSwiftMigration = 1240;
					};
				};
			};
			buildConfigurationList = AFFB4E2F26FF48DC00FD2500 /* Build configuration list for PBXProject "breakmycircle" */;
			compatibilityVersion = "Xcode 9.3";
			developmentRegion = en;
			hasScannedForEncodings = 0;
			knownRegions = (
				en,
				Base,
			);
			mainGroup = AFFB4E2B26FF48DC00FD2500;
			productRefGroup = AFFB4E3526FF48DC00FD2500 /* Products */;
			projectDirPath = "";
			projectRoot = "";
			targets = (
				AFFB4E3326FF48DC00FD2500 /* breakmycircle_sim */,
			);
		};
/* End PBXProject section */

/* Begin PBXResourcesBuildPhase section */
		AFFB4E3226FF48DC00FD2500 /* Resources */ = {
			isa = PBXResourcesBuildPhase;
			buildActionMask = 2147483647;
			files = (
				AFFB4E3C26FF48DE00FD2500 /* Assets.xcassets in Resources */,
			);
			runOnlyForDeploymentPostprocessing = 0;
		};
/* End PBXResourcesBuildPhase section */

/* Begin PBXSourcesBuildPhase section */
		AFFB4E3026FF48DC00FD2500 /* Sources */ = {
			isa = PBXSourcesBuildPhase;
			buildActionMask = 2147483647;
			files = (
				05F22D0C270A041800C34B15 /* Audio in Sources */,
				05F22D0D270A041800C34B15 /* Common in Sources */,
				05F22D0E270A041800C34B15 /* Game in Sources */,
				05F22D0F270A041800C34B15 /* Graphics in Sources */,
				05F22D10270A041800C34B15 /* Shaders in Sources */,
				AFB14BF627006FB5005837DE /* AssetManager.cpp in Sources */,
				AFB14BF727006FB5005837DE /* AssetManager.h in Sources */,
				AFB14BF827006FB5005837DE /* CollisionManager.cpp in Sources */,
				AFB14BF927006FB5005837DE /* CollisionManager.h in Sources */,
				AFB14BFA27006FB5005837DE /* Engine.cpp in Sources */,
				AFB14BFB27006FB5005837DE /* Engine.h in Sources */,
				AFB14BFC27006FB5005837DE /* GameObject.cpp in Sources */,
				AFB14BFD27006FB5005837DE /* GameObject.h in Sources */,
				AFB14BFE27006FB5005837DE /* InputManager.cpp in Sources */,
				AFB14BFF27006FB5005837DE /* InputManager.h in Sources */,
				AFB14C0027006FB5005837DE /* RoomManager.cpp in Sources */,
				AFB14C0127006FB5005837DE /* RoomManager.h in Sources */,
				AFB14BF427006FB5005837DE /* GameWrapper.h in Sources */,
				AFB14BF527006FB5005837DE /* GameWrapper.mm in Sources */,
				AFB14C0227006FB5005837DE /* BridgingHeader.h in Sources */,
				AF47A60E26FFE431008C9704 /* Main.swift in Sources */,
			);
			runOnlyForDeploymentPostprocessing = 0;
		};
/* End PBXSourcesBuildPhase section */

/* Begin XCBuildConfiguration section */
		AFFB4E4126FF48DE00FD2500 /* Debug */ = {
			isa = XCBuildConfiguration;
			buildSettings = {
				ALWAYS_SEARCH_USER_PATHS = NO;
				CLANG_ANALYZER_NONNULL = YES;
				CLANG_ANALYZER_NUMBER_OBJECT_CONVERSION = YES_AGGRESSIVE;
				CLANG_CXX_LANGUAGE_STANDARD = "gnu++14";
				CLANG_CXX_LIBRARY = "libc++";
				CLANG_ENABLE_MODULES = YES;
				CLANG_ENABLE_OBJC_ARC = YES;
				CLANG_ENABLE_OBJC_WEAK = YES;
				CLANG_WARN_BLOCK_CAPTURE_AUTORELEASING = YES;
				CLANG_WARN_BOOL_CONVERSION = YES;
				CLANG_WARN_COMMA = YES;
				CLANG_WARN_CONSTANT_CONVERSION = YES;
				CLANG_WARN_DEPRECATED_OBJC_IMPLEMENTATIONS = YES;
				CLANG_WARN_DIRECT_OBJC_ISA_USAGE = YES_ERROR;
				CLANG_WARN_DOCUMENTATION_COMMENTS = YES;
				CLANG_WARN_EMPTY_BODY = YES;
				CLANG_WARN_ENUM_CONVERSION = YES;
				CLANG_WARN_INFINITE_RECURSION = YES;
				CLANG_WARN_INT_CONVERSION = YES;
				CLANG_WARN_NON_LITERAL_NULL_CONVERSION = YES;
				CLANG_WARN_OBJC_IMPLICIT_RETAIN_SELF = YES;
				CLANG_WARN_OBJC_LITERAL_CONVERSION = YES;
				CLANG_WARN_OBJC_ROOT_CLASS = YES_ERROR;
				CLANG_WARN_QUOTED_INCLUDE_IN_FRAMEWORK_HEADER = YES;
				CLANG_WARN_RANGE_LOOP_ANALYSIS = YES;
				CLANG_WARN_STRICT_PROTOTYPES = YES;
				CLANG_WARN_SUSPICIOUS_MOVE = YES;
				CLANG_WARN_UNGUARDED_AVAILABILITY = YES_AGGRESSIVE;
				CLANG_WARN_UNREACHABLE_CODE = YES;
				CLANG_WARN__DUPLICATE_METHOD_MATCH = YES;
				COPY_PHASE_STRIP = NO;
				DEBUG_INFORMATION_FORMAT = dwarf;
				ENABLE_STRICT_OBJC_MSGSEND = YES;
				ENABLE_TESTABILITY = YES;
				GCC_C_LANGUAGE_STANDARD = gnu11;
				GCC_DYNAMIC_NO_PIC = NO;
				GCC_NO_COMMON_BLOCKS = YES;
				GCC_OPTIMIZATION_LEVEL = 0;
				GCC_PREPROCESSOR_DEFINITIONS = (
					"DEBUG=1",
					"$(inherited)",
				);
				GCC_WARN_64_TO_32_BIT_CONVERSION = YES;
				GCC_WARN_ABOUT_RETURN_TYPE = YES_ERROR;
				GCC_WARN_UNDECLARED_SELECTOR = YES;
				GCC_WARN_UNINITIALIZED_AUTOS = YES_AGGRESSIVE;
				GCC_WARN_UNUSED_FUNCTION = YES;
				GCC_WARN_UNUSED_VARIABLE = YES;
				IPHONEOS_DEPLOYMENT_TARGET = 14.4;
				MTL_ENABLE_DEBUG_INFO = INCLUDE_SOURCE;
				MTL_FAST_MATH = YES;
				ONLY_ACTIVE_ARCH = YES;
				SDKROOT = iphoneos;
				SWIFT_ACTIVE_COMPILATION_CONDITIONS = DEBUG;
				SWIFT_OPTIMIZATION_LEVEL = "-Onone";
			};
			name = Debug;
		};
		AFFB4E4226FF48DE00FD2500 /* Release */ = {
			isa = XCBuildConfiguration;
			buildSettings = {
				ALWAYS_SEARCH_USER_PATHS = NO;
				CLANG_ANALYZER_NONNULL = YES;
				CLANG_ANALYZER_NUMBER_OBJECT_CONVERSION = YES_AGGRESSIVE;
				CLANG_CXX_LANGUAGE_STANDARD = "gnu++14";
				CLANG_CXX_LIBRARY = "libc++";
				CLANG_ENABLE_MODULES = YES;
				CLANG_ENABLE_OBJC_ARC = YES;
				CLANG_ENABLE_OBJC_WEAK = YES;
				CLANG_WARN_BLOCK_CAPTURE_AUTORELEASING = YES;
				CLANG_WARN_BOOL_CONVERSION = YES;
				CLANG_WARN_COMMA = YES;
				CLANG_WARN_CONSTANT_CONVERSION = YES;
				CLANG_WARN_DEPRECATED_OBJC_IMPLEMENTATIONS = YES;
				CLANG_WARN_DIRECT_OBJC_ISA_USAGE = YES_ERROR;
				CLANG_WARN_DOCUMENTATION_COMMENTS = YES;
				CLANG_WARN_EMPTY_BODY = YES;
				CLANG_WARN_ENUM_CONVERSION = YES;
				CLANG_WARN_INFINITE_RECURSION = YES;
				CLANG_WARN_INT_CONVERSION = YES;
				CLANG_WARN_NON_LITERAL_NULL_CONVERSION = YES;
				CLANG_WARN_OBJC_IMPLICIT_RETAIN_SELF = YES;
				CLANG_WARN_OBJC_LITERAL_CONVERSION = YES;
				CLANG_WARN_OBJC_ROOT_CLASS = YES_ERROR;
				CLANG_WARN_QUOTED_INCLUDE_IN_FRAMEWORK_HEADER = YES;
				CLANG_WARN_RANGE_LOOP_ANALYSIS = YES;
				CLANG_WARN_STRICT_PROTOTYPES = YES;
				CLANG_WARN_SUSPICIOUS_MOVE = YES;
				CLANG_WARN_UNGUARDED_AVAILABILITY = YES_AGGRESSIVE;
				CLANG_WARN_UNREACHABLE_CODE = YES;
				CLANG_WARN__DUPLICATE_METHOD_MATCH = YES;
				COPY_PHASE_STRIP = NO;
				DEBUG_INFORMATION_FORMAT = "dwarf-with-dsym";
				ENABLE_NS_ASSERTIONS = NO;
				ENABLE_STRICT_OBJC_MSGSEND = YES;
				GCC_C_LANGUAGE_STANDARD = gnu11;
				GCC_NO_COMMON_BLOCKS = YES;
				GCC_WARN_64_TO_32_BIT_CONVERSION = YES;
				GCC_WARN_ABOUT_RETURN_TYPE = YES_ERROR;
				GCC_WARN_UNDECLARED_SELECTOR = YES;
				GCC_WARN_UNINITIALIZED_AUTOS = YES_AGGRESSIVE;
				GCC_WARN_UNUSED_FUNCTION = YES;
				GCC_WARN_UNUSED_VARIABLE = YES;
				IPHONEOS_DEPLOYMENT_TARGET = 14.4;
				MTL_ENABLE_DEBUG_INFO = NO;
				MTL_FAST_MATH = YES;
				SDKROOT = iphoneos;
				SWIFT_COMPILATION_MODE = wholemodule;
				SWIFT_OPTIMIZATION_LEVEL = "-O";
				VALIDATE_PRODUCT = YES;
			};
			name = Release;
		};
		AFFB4E4426FF48DE00FD2500 /* Debug */ = {
			isa = XCBuildConfiguration;
			buildSettings = {
				ASSETCATALOG_COMPILER_APPICON_NAME = AppIcon;
				ASSETCATALOG_COMPILER_GLOBAL_ACCENT_COLOR_NAME = AccentColor;
				CLANG_CXX_LANGUAGE_STANDARD = "c++17";
				CLANG_CXX_LIBRARY = "libc++";
				CLANG_ENABLE_MODULES = YES;
				CODE_SIGN_STYLE = Automatic;
				DEVELOPMENT_ASSET_PATHS = "";
				ENABLE_PREVIEWS = YES;
				GCC_C_LANGUAGE_STANDARD = c11;
				HEADER_SEARCH_PATHS = (
					"/Users/alfonso/Development/ios-sim64/include",
					"/Users/alfonso/Development/ios-sim64/include/SDL2",
					"/Users/alfonso/Development/ios-sim64/include/AL",
					/Users/alfonso/Development/nlohmann/include,
				);
				INFOPLIST_FILE = breakmycircle/Info.plist;
				IPHONEOS_DEPLOYMENT_TARGET = 14.0;
				LD_RUNPATH_SEARCH_PATHS = (
					"$(inherited)",
					"@executable_path/Frameworks",
				);
				LIBRARY_SEARCH_PATHS = (
					"/Users/alfonso/Development/ios-sim64/lib",
					"/Users/alfonso/Development/ios-sim64/lib/magnum/audioimporters",
					"/Users/alfonso/Development/ios-sim64/lib/magnum/fonts",
					"/Users/alfonso/Development/ios-sim64/lib/magnum/importers",
				);
				MARKETING_VERSION = 0.1;
				OTHER_CPLUSPLUSFLAGS = (
					"$(OTHER_CFLAGS)",
					"-fno-rtti",
				);
				PRODUCT_BUNDLE_IDENTIFIER = it.fonztech.breakmycircle;
				PRODUCT_NAME = "$(TARGET_NAME)";
				SWIFT_OBJC_BRIDGING_HEADER = breakmycircle/Sources/BridgingHeader.h;
				SWIFT_OPTIMIZATION_LEVEL = "-Onone";
				SWIFT_VERSION = 5.0;
				TARGETED_DEVICE_FAMILY = "1,2";
				USER_HEADER_SEARCH_PATHS = "";
			};
			name = Debug;
		};
		AFFB4E4526FF48DE00FD2500 /* Release */ = {
			isa = XCBuildConfiguration;
			buildSettings = {
				ASSETCATALOG_COMPILER_APPICON_NAME = AppIcon;
				ASSETCATALOG_COMPILER_GLOBAL_ACCENT_COLOR_NAME = AccentColor;
				CLANG_CXX_LANGUAGE_STANDARD = "c++17";
				CLANG_CXX_LIBRARY = "libc++";
				CLANG_ENABLE_MODULES = YES;
				CODE_SIGN_STYLE = Automatic;
				DEVELOPMENT_ASSET_PATHS = "";
				ENABLE_PREVIEWS = YES;
				GCC_C_LANGUAGE_STANDARD = c11;
				HEADER_SEARCH_PATHS = (
					"/Users/alfonso/Development/ios-sim64/include",
					"/Users/alfonso/Development/ios-sim64/include/SDL2",
					"/Users/alfonso/Development/ios-sim64/include/AL",
					/Users/alfonso/Development/nlohmann/include,
				);
				INFOPLIST_FILE = breakmycircle/Info.plist;
				IPHONEOS_DEPLOYMENT_TARGET = 14.0;
				LD_RUNPATH_SEARCH_PATHS = (
					"$(inherited)",
					"@executable_path/Frameworks",
				);
				LIBRARY_SEARCH_PATHS = (
					"/Users/alfonso/Development/ios-sim64/lib",
					"/Users/alfonso/Development/ios-sim64/lib/magnum/audioimporters",
					"/Users/alfonso/Development/ios-sim64/lib/magnum/fonts",
					"/Users/alfonso/Development/ios-sim64/lib/magnum/importers",
				);
				MARKETING_VERSION = 0.1;
				OTHER_CPLUSPLUSFLAGS = (
					"$(OTHER_CFLAGS)",
					"-fno-rtti",
				);
				PRODUCT_BUNDLE_IDENTIFIER = it.fonztech.breakmycircle;
				PRODUCT_NAME = "$(TARGET_NAME)";
				SWIFT_OBJC_BRIDGING_HEADER = breakmycircle/Sources/BridgingHeader.h;
				SWIFT_VERSION = 5.0;
				TARGETED_DEVICE_FAMILY = "1,2";
				USER_HEADER_SEARCH_PATHS = "";
			};
			name = Release;
		};
/* End XCBuildConfiguration section */

/* Begin XCConfigurationList section */
		AFFB4E2F26FF48DC00FD2500 /* Build configuration list for PBXProject "breakmycircle" */ = {
			isa = XCConfigurationList;
			buildConfigurations = (
				AFFB4E4126FF48DE00FD2500 /* Debug */,
				AFFB4E4226FF48DE00FD2500 /* Release */,
			);
			defaultConfigurationIsVisible = 0;
			defaultConfigurationName = Release;
		};
		AFFB4E4326FF48DE00FD2500 /* Build configuration list for PBXNativeTarget "breakmycircle_sim" */ = {
			isa = XCConfigurationList;
			buildConfigurations = (
				AFFB4E4426FF48DE00FD2500 /* Debug */,
				AFFB4E4526FF48DE00FD2500 /* Release */,
			);
			defaultConfigurationIsVisible = 0;
			defaultConfigurationName = Release;
		};
/* End XCConfigurationList section */
	};
	rootObject = AFFB4E2C26FF48DC00FD2500 /* Project object */;
}
