// !$*UTF8*$!
{
	archiveVersion = 1;
	classes = {
	};
	objectVersion = 50;
	objects = {

/* Begin PBXBuildFile section */
		0535E8F6270A3E41009462B0 /* main.cpp in Sources */ = {isa = PBXBuildFile; fileRef = 05604595270A0AFC0080AA3E /* main.cpp */; };
		0535E8F9270A4267009462B0 /* Startup.swift in Sources */ = {isa = PBXBuildFile; fileRef = 0535E8F8270A4267009462B0 /* Startup.swift */; };
		0535EA62270A4DE7009462B0 /* assets.json in Resources */ = {isa = PBXBuildFile; fileRef = 0535EA61270A4DE7009462B0 /* assets.json */; };
		0535EAD9270A51BD009462B0 /* paths in Resources */ = {isa = PBXBuildFile; fileRef = 0535EAD1270A51BC009462B0 /* paths */; };
		0535EADA270A51BD009462B0 /* rooms in Resources */ = {isa = PBXBuildFile; fileRef = 0535EAD2270A51BC009462B0 /* rooms */; };
		0535EADB270A51BD009462B0 /* shaders in Resources */ = {isa = PBXBuildFile; fileRef = 0535EAD3270A51BC009462B0 /* shaders */; };
		0535EADC270A51BD009462B0 /* fonts in Resources */ = {isa = PBXBuildFile; fileRef = 0535EAD4270A51BC009462B0 /* fonts */; };
		0535EADD270A51BD009462B0 /* scenes in Resources */ = {isa = PBXBuildFile; fileRef = 0535EAD5270A51BD009462B0 /* scenes */; };
		0535EADE270A51BD009462B0 /* audios in Resources */ = {isa = PBXBuildFile; fileRef = 0535EAD6270A51BD009462B0 /* audios */; };
		0535EADF270A51BD009462B0 /* textures in Resources */ = {isa = PBXBuildFile; fileRef = 0535EAD7270A51BD009462B0 /* textures */; };
		0535EAE1270A55B1009462B0 /* libSDL2main.a in Frameworks */ = {isa = PBXBuildFile; fileRef = 05F22C9D2709F4AE00C34B15 /* libSDL2main.a */; };
		0535EAE2270A6130009462B0 /* libAnySceneImporter.a in Frameworks */ = {isa = PBXBuildFile; fileRef = 05F22C902709F38600C34B15 /* libAnySceneImporter.a */; };
		05604540270A0A350080AA3E /* StreamedAudioBuffer.cpp in Sources */ = {isa = PBXBuildFile; fileRef = 0560453E270A0A350080AA3E /* StreamedAudioBuffer.cpp */; };
		05604541270A0A350080AA3E /* StreamedAudioPlayable.cpp in Sources */ = {isa = PBXBuildFile; fileRef = 0560453F270A0A350080AA3E /* StreamedAudioPlayable.cpp */; };
		0560454A270A0A850080AA3E /* PlasmaSquareRenderer.cpp in Sources */ = {isa = PBXBuildFile; fileRef = 05604548270A0A850080AA3E /* PlasmaSquareRenderer.cpp */; };
		0560454B270A0A850080AA3E /* LSNumberRenderer.cpp in Sources */ = {isa = PBXBuildFile; fileRef = 05604549270A0A850080AA3E /* LSNumberRenderer.cpp */; };
		05604550270A0A950080AA3E /* LinePath.cpp in Sources */ = {isa = PBXBuildFile; fileRef = 0560454D270A0A950080AA3E /* LinePath.cpp */; };
		05604551270A0A950080AA3E /* AbstractCustomRenderer.cpp in Sources */ = {isa = PBXBuildFile; fileRef = 0560454E270A0A950080AA3E /* AbstractCustomRenderer.cpp */; };
		05604552270A0A950080AA3E /* CommonUtility.cpp in Sources */ = {isa = PBXBuildFile; fileRef = 0560454F270A0A950080AA3E /* CommonUtility.cpp */; };
		05604568270A0AAF0080AA3E /* OverlayGui.cpp in Sources */ = {isa = PBXBuildFile; fileRef = 05604554270A0AAE0080AA3E /* OverlayGui.cpp */; };
		05604569270A0AAF0080AA3E /* OverlayText.cpp in Sources */ = {isa = PBXBuildFile; fileRef = 05604555270A0AAE0080AA3E /* OverlayText.cpp */; };
		0560456A270A0AAF0080AA3E /* Projectile.cpp in Sources */ = {isa = PBXBuildFile; fileRef = 05604556270A0AAE0080AA3E /* Projectile.cpp */; };
		0560456B270A0AAF0080AA3E /* Bubble.cpp in Sources */ = {isa = PBXBuildFile; fileRef = 05604557270A0AAE0080AA3E /* Bubble.cpp */; };
		0560456C270A0AAF0080AA3E /* MapPickup.cpp in Sources */ = {isa = PBXBuildFile; fileRef = 05604558270A0AAE0080AA3E /* MapPickup.cpp */; };
		0560456D270A0AAF0080AA3E /* SafeMinigame.cpp in Sources */ = {isa = PBXBuildFile; fileRef = 05604559270A0AAE0080AA3E /* SafeMinigame.cpp */; };
		0560456E270A0AAF0080AA3E /* Congrats.cpp in Sources */ = {isa = PBXBuildFile; fileRef = 0560455A270A0AAE0080AA3E /* Congrats.cpp */; };
		0560456F270A0AAF0080AA3E /* Dialog.cpp in Sources */ = {isa = PBXBuildFile; fileRef = 0560455B270A0AAE0080AA3E /* Dialog.cpp */; };
		05604570270A0AAF0080AA3E /* LimitLine.cpp in Sources */ = {isa = PBXBuildFile; fileRef = 0560455C270A0AAE0080AA3E /* LimitLine.cpp */; };
		05604571270A0AAF0080AA3E /* LevelSelector.cpp in Sources */ = {isa = PBXBuildFile; fileRef = 0560455D270A0AAE0080AA3E /* LevelSelector.cpp */; };
		05604572270A0AAF0080AA3E /* AbstractGuiElement.cpp in Sources */ = {isa = PBXBuildFile; fileRef = 0560455E270A0AAE0080AA3E /* AbstractGuiElement.cpp */; };
		05604573270A0AAF0080AA3E /* Player.cpp in Sources */ = {isa = PBXBuildFile; fileRef = 0560455F270A0AAE0080AA3E /* Player.cpp */; };
		05604574270A0AAF0080AA3E /* LevelSelectorSidecar.cpp in Sources */ = {isa = PBXBuildFile; fileRef = 05604560270A0AAE0080AA3E /* LevelSelectorSidecar.cpp */; };
		05604575270A0AAF0080AA3E /* Logo.cpp in Sources */ = {isa = PBXBuildFile; fileRef = 05604561270A0AAE0080AA3E /* Logo.cpp */; };
		05604576270A0AAF0080AA3E /* Scenery.cpp in Sources */ = {isa = PBXBuildFile; fileRef = 05604562270A0AAE0080AA3E /* Scenery.cpp */; };
		05604577270A0AAF0080AA3E /* Skybox.cpp in Sources */ = {isa = PBXBuildFile; fileRef = 05604563270A0AAE0080AA3E /* Skybox.cpp */; };
		05604578270A0AAF0080AA3E /* OverlayGuiDetached.cpp in Sources */ = {isa = PBXBuildFile; fileRef = 05604564270A0AAE0080AA3E /* OverlayGuiDetached.cpp */; };
		05604579270A0AAF0080AA3E /* Onboarding.cpp in Sources */ = {isa = PBXBuildFile; fileRef = 05604565270A0AAE0080AA3E /* Onboarding.cpp */; };
		0560457A270A0AAF0080AA3E /* FallingBubble.cpp in Sources */ = {isa = PBXBuildFile; fileRef = 05604566270A0AAE0080AA3E /* FallingBubble.cpp */; };
		0560457B270A0AAF0080AA3E /* ElectricBall.cpp in Sources */ = {isa = PBXBuildFile; fileRef = 05604567270A0AAE0080AA3E /* ElectricBall.cpp */; };
		0560457F270A0AD50080AA3E /* BaseDrawable.cpp in Sources */ = {isa = PBXBuildFile; fileRef = 0560457E270A0AD50080AA3E /* BaseDrawable.cpp */; };
		0560458A270A0AE90080AA3E /* WaterShader.cpp in Sources */ = {isa = PBXBuildFile; fileRef = 05604583270A0AE90080AA3E /* WaterShader.cpp */; };
		0560458B270A0AE90080AA3E /* SpriteShader.cpp in Sources */ = {isa = PBXBuildFile; fileRef = 05604584270A0AE90080AA3E /* SpriteShader.cpp */; };
		0560458C270A0AE90080AA3E /* PlasmaShader.cpp in Sources */ = {isa = PBXBuildFile; fileRef = 05604585270A0AE90080AA3E /* PlasmaShader.cpp */; };
		0560458D270A0AE90080AA3E /* CubeMapShader.cpp in Sources */ = {isa = PBXBuildFile; fileRef = 05604586270A0AE90080AA3E /* CubeMapShader.cpp */; };
		0560458E270A0AE90080AA3E /* ScreenQuadShader.cpp in Sources */ = {isa = PBXBuildFile; fileRef = 05604587270A0AE90080AA3E /* ScreenQuadShader.cpp */; };
		0560458F270A0AE90080AA3E /* StarRoadShader.cpp in Sources */ = {isa = PBXBuildFile; fileRef = 05604588270A0AE90080AA3E /* StarRoadShader.cpp */; };
		05604590270A0AE90080AA3E /* SunShader.cpp in Sources */ = {isa = PBXBuildFile; fileRef = 05604589270A0AE90080AA3E /* SunShader.cpp */; };
		0560459D270A0AFC0080AA3E /* Engine.cpp in Sources */ = {isa = PBXBuildFile; fileRef = 05604596270A0AFC0080AA3E /* Engine.cpp */; };
		0560459E270A0AFC0080AA3E /* GameObject.cpp in Sources */ = {isa = PBXBuildFile; fileRef = 05604597270A0AFC0080AA3E /* GameObject.cpp */; };
		0560459F270A0AFC0080AA3E /* RoomManager.cpp in Sources */ = {isa = PBXBuildFile; fileRef = 05604598270A0AFC0080AA3E /* RoomManager.cpp */; };
		056045A0270A0AFC0080AA3E /* CollisionManager.cpp in Sources */ = {isa = PBXBuildFile; fileRef = 05604599270A0AFC0080AA3E /* CollisionManager.cpp */; };
		056045A1270A0AFC0080AA3E /* InputManager.cpp in Sources */ = {isa = PBXBuildFile; fileRef = 0560459A270A0AFC0080AA3E /* InputManager.cpp */; };
		056045A2270A0AFC0080AA3E /* AssetManager.cpp in Sources */ = {isa = PBXBuildFile; fileRef = 0560459B270A0AFC0080AA3E /* AssetManager.cpp */; };
		056045AD270A22C50080AA3E /* libpng16.16.dylib in Frameworks */ = {isa = PBXBuildFile; fileRef = 056045AC270A22C50080AA3E /* libpng16.16.dylib */; };
		056045AF270A23410080AA3E /* libpng16.16.dylib in Embed Libraries */ = {isa = PBXBuildFile; fileRef = 056045AC270A22C50080AA3E /* libpng16.16.dylib */; };
		056045B2270A23A80080AA3E /* libSDL2-2.0.dylib in Frameworks */ = {isa = PBXBuildFile; fileRef = 056045B1270A23A80080AA3E /* libSDL2-2.0.dylib */; };
		056045B3270A23BD0080AA3E /* libSDL2-2.0.dylib in Embed Libraries */ = {isa = PBXBuildFile; fileRef = 056045B1270A23A80080AA3E /* libSDL2-2.0.dylib */; };
		056045B7270A25DA0080AA3E /* Foundation.framework in Frameworks */ = {isa = PBXBuildFile; fileRef = 056045B6270A25DA0080AA3E /* Foundation.framework */; };
		05F22C732709F0DA00C34B15 /* libMagnumTrade.a in Frameworks */ = {isa = PBXBuildFile; fileRef = 05F22C632709F0DA00C34B15 /* libMagnumTrade.a */; };
		05F22C742709F0DA00C34B15 /* libMagnumShaders.a in Frameworks */ = {isa = PBXBuildFile; fileRef = 05F22C642709F0DA00C34B15 /* libMagnumShaders.a */; };
		05F22C752709F0DA00C34B15 /* libMagnumAudio.a in Frameworks */ = {isa = PBXBuildFile; fileRef = 05F22C652709F0DA00C34B15 /* libMagnumAudio.a */; };
		05F22C762709F0DA00C34B15 /* libCorradePluginManager.a in Frameworks */ = {isa = PBXBuildFile; fileRef = 05F22C662709F0DA00C34B15 /* libCorradePluginManager.a */; };
		05F22C772709F0DA00C34B15 /* libMagnumPrimitives.a in Frameworks */ = {isa = PBXBuildFile; fileRef = 05F22C672709F0DA00C34B15 /* libMagnumPrimitives.a */; };
		05F22C782709F0DA00C34B15 /* libMagnumMeshTools.a in Frameworks */ = {isa = PBXBuildFile; fileRef = 05F22C682709F0DA00C34B15 /* libMagnumMeshTools.a */; };
		05F22C792709F0DA00C34B15 /* libMagnumTextureTools.a in Frameworks */ = {isa = PBXBuildFile; fileRef = 05F22C692709F0DA00C34B15 /* libMagnumTextureTools.a */; };
		05F22C7A2709F0DA00C34B15 /* libMagnum.a in Frameworks */ = {isa = PBXBuildFile; fileRef = 05F22C6A2709F0DA00C34B15 /* libMagnum.a */; };
		05F22C7D2709F0DA00C34B15 /* libMagnumSdl2Application.a in Frameworks */ = {isa = PBXBuildFile; fileRef = 05F22C6D2709F0DA00C34B15 /* libMagnumSdl2Application.a */; };
		05F22C7E2709F0DA00C34B15 /* libCorradeInterconnect.a in Frameworks */ = {isa = PBXBuildFile; fileRef = 05F22C6E2709F0DA00C34B15 /* libCorradeInterconnect.a */; };
		05F22C7F2709F0DA00C34B15 /* libCorradeUtility.a in Frameworks */ = {isa = PBXBuildFile; fileRef = 05F22C6F2709F0DA00C34B15 /* libCorradeUtility.a */; };
		05F22C802709F0DA00C34B15 /* libMagnumSceneGraph.a in Frameworks */ = {isa = PBXBuildFile; fileRef = 05F22C702709F0DA00C34B15 /* libMagnumSceneGraph.a */; };
		05F22C812709F0DA00C34B15 /* libMagnumGL.a in Frameworks */ = {isa = PBXBuildFile; fileRef = 05F22C712709F0DA00C34B15 /* libMagnumGL.a */; };
		05F22C822709F0DA00C34B15 /* libMagnumText.a in Frameworks */ = {isa = PBXBuildFile; fileRef = 05F22C722709F0DA00C34B15 /* libMagnumText.a */; };
		05F22C842709F11B00C34B15 /* libCorradeUtility.a in Frameworks */ = {isa = PBXBuildFile; fileRef = 05F22C6F2709F0DA00C34B15 /* libCorradeUtility.a */; };
		05F22C8F2709F37200C34B15 /* libStbTrueTypeFont.a in Frameworks */ = {isa = PBXBuildFile; fileRef = 05F22C8E2709F37200C34B15 /* libStbTrueTypeFont.a */; };
		05F22C952709F38600C34B15 /* libTinyGltfImporter.a in Frameworks */ = {isa = PBXBuildFile; fileRef = 05F22C912709F38600C34B15 /* libTinyGltfImporter.a */; };
		05F22C962709F38600C34B15 /* libPngImporter.a in Frameworks */ = {isa = PBXBuildFile; fileRef = 05F22C922709F38600C34B15 /* libPngImporter.a */; };
		05F22C972709F38600C34B15 /* libAnyImageImporter.a in Frameworks */ = {isa = PBXBuildFile; fileRef = 05F22C932709F38600C34B15 /* libAnyImageImporter.a */; };
		05F22C992709F3CE00C34B15 /* libStbVorbisAudioImporter.a in Frameworks */ = {isa = PBXBuildFile; fileRef = 05F22C8C2709F35900C34B15 /* libStbVorbisAudioImporter.a */; };
		05F22CA72709F55F00C34B15 /* OpenGLES.framework in Frameworks */ = {isa = PBXBuildFile; fileRef = 05F22CA02709F51A00C34B15 /* OpenGLES.framework */; };
		05F22CAA2709F56F00C34B15 /* OpenAL.framework in Frameworks */ = {isa = PBXBuildFile; fileRef = 05F22CA92709F56F00C34B15 /* OpenAL.framework */; };
		05F22CF42709F63B00C34B15 /* UIKit.framework in Frameworks */ = {isa = PBXBuildFile; fileRef = 05F22CF32709F63B00C34B15 /* UIKit.framework */; };
		AFFB4E3C26FF48DE00FD2500 /* Assets.xcassets in Resources */ = {isa = PBXBuildFile; fileRef = AFFB4E3B26FF48DE00FD2500 /* Assets.xcassets */; };
/* End PBXBuildFile section */

/* Begin PBXCopyFilesBuildPhase section */
		056045B0270A23410080AA3E /* Embed Libraries */ = {
			isa = PBXCopyFilesBuildPhase;
			buildActionMask = 2147483647;
			dstPath = "";
			dstSubfolderSpec = 10;
			files = (
				056045B3270A23BD0080AA3E /* libSDL2-2.0.dylib in Embed Libraries */,
				056045AF270A23410080AA3E /* libpng16.16.dylib in Embed Libraries */,
			);
			name = "Embed Libraries";
			runOnlyForDeploymentPostprocessing = 0;
		};
/* End PBXCopyFilesBuildPhase section */

/* Begin PBXFileReference section */
		0535E8F8270A4267009462B0 /* Startup.swift */ = {isa = PBXFileReference; lastKnownFileType = sourcecode.swift; path = Startup.swift; sourceTree = "<group>"; };
		0535EA61270A4DE7009462B0 /* assets.json */ = {isa = PBXFileReference; fileEncoding = 4; lastKnownFileType = text.json; name = assets.json; path = ../android/app/src/main/res/raw/assets.json; sourceTree = "<group>"; };
		0535EAD1270A51BC009462B0 /* paths */ = {isa = PBXFileReference; lastKnownFileType = folder; name = paths; path = ../paths; sourceTree = "<group>"; };
		0535EAD2270A51BC009462B0 /* rooms */ = {isa = PBXFileReference; lastKnownFileType = folder; name = rooms; path = ../rooms; sourceTree = "<group>"; };
		0535EAD3270A51BC009462B0 /* shaders */ = {isa = PBXFileReference; lastKnownFileType = folder; name = shaders; path = ../shaders; sourceTree = "<group>"; };
		0535EAD4270A51BC009462B0 /* fonts */ = {isa = PBXFileReference; lastKnownFileType = folder; name = fonts; path = ../fonts; sourceTree = "<group>"; };
		0535EAD5270A51BD009462B0 /* scenes */ = {isa = PBXFileReference; lastKnownFileType = folder; name = scenes; path = ../scenes; sourceTree = "<group>"; };
		0535EAD6270A51BD009462B0 /* audios */ = {isa = PBXFileReference; lastKnownFileType = folder; name = audios; path = ../audios; sourceTree = "<group>"; };
		0535EAD7270A51BD009462B0 /* textures */ = {isa = PBXFileReference; lastKnownFileType = folder; name = textures; path = ../textures; sourceTree = "<group>"; };
		0560453E270A0A350080AA3E /* StreamedAudioBuffer.cpp */ = {isa = PBXFileReference; lastKnownFileType = sourcecode.cpp.cpp; name = StreamedAudioBuffer.cpp; path = ../src/Audio/StreamedAudioBuffer.cpp; sourceTree = "<group>"; };
		0560453F270A0A350080AA3E /* StreamedAudioPlayable.cpp */ = {isa = PBXFileReference; lastKnownFileType = sourcecode.cpp.cpp; name = StreamedAudioPlayable.cpp; path = ../src/Audio/StreamedAudioPlayable.cpp; sourceTree = "<group>"; };
		05604548270A0A850080AA3E /* PlasmaSquareRenderer.cpp */ = {isa = PBXFileReference; lastKnownFileType = sourcecode.cpp.cpp; name = PlasmaSquareRenderer.cpp; path = ../src/Common/CustomRenderers/PlasmaSquareRenderer.cpp; sourceTree = "<group>"; };
		05604549270A0A850080AA3E /* LSNumberRenderer.cpp */ = {isa = PBXFileReference; lastKnownFileType = sourcecode.cpp.cpp; name = LSNumberRenderer.cpp; path = ../src/Common/CustomRenderers/LSNumberRenderer.cpp; sourceTree = "<group>"; };
		0560454D270A0A950080AA3E /* LinePath.cpp */ = {isa = PBXFileReference; lastKnownFileType = sourcecode.cpp.cpp; name = LinePath.cpp; path = ../src/Common/LinePath.cpp; sourceTree = "<group>"; };
		0560454E270A0A950080AA3E /* AbstractCustomRenderer.cpp */ = {isa = PBXFileReference; lastKnownFileType = sourcecode.cpp.cpp; name = AbstractCustomRenderer.cpp; path = ../src/Common/AbstractCustomRenderer.cpp; sourceTree = "<group>"; };
		0560454F270A0A950080AA3E /* CommonUtility.cpp */ = {isa = PBXFileReference; lastKnownFileType = sourcecode.cpp.cpp; name = CommonUtility.cpp; path = ../src/Common/CommonUtility.cpp; sourceTree = "<group>"; };
		05604554270A0AAE0080AA3E /* OverlayGui.cpp */ = {isa = PBXFileReference; lastKnownFileType = sourcecode.cpp.cpp; name = OverlayGui.cpp; path = ../src/Game/OverlayGui.cpp; sourceTree = "<group>"; };
		05604555270A0AAE0080AA3E /* OverlayText.cpp */ = {isa = PBXFileReference; lastKnownFileType = sourcecode.cpp.cpp; name = OverlayText.cpp; path = ../src/Game/OverlayText.cpp; sourceTree = "<group>"; };
		05604556270A0AAE0080AA3E /* Projectile.cpp */ = {isa = PBXFileReference; lastKnownFileType = sourcecode.cpp.cpp; name = Projectile.cpp; path = ../src/Game/Projectile.cpp; sourceTree = "<group>"; };
		05604557270A0AAE0080AA3E /* Bubble.cpp */ = {isa = PBXFileReference; lastKnownFileType = sourcecode.cpp.cpp; name = Bubble.cpp; path = ../src/Game/Bubble.cpp; sourceTree = "<group>"; };
		05604558270A0AAE0080AA3E /* MapPickup.cpp */ = {isa = PBXFileReference; lastKnownFileType = sourcecode.cpp.cpp; name = MapPickup.cpp; path = ../src/Game/MapPickup.cpp; sourceTree = "<group>"; };
		05604559270A0AAE0080AA3E /* SafeMinigame.cpp */ = {isa = PBXFileReference; lastKnownFileType = sourcecode.cpp.cpp; name = SafeMinigame.cpp; path = ../src/Game/SafeMinigame.cpp; sourceTree = "<group>"; };
		0560455A270A0AAE0080AA3E /* Congrats.cpp */ = {isa = PBXFileReference; lastKnownFileType = sourcecode.cpp.cpp; name = Congrats.cpp; path = ../src/Game/Congrats.cpp; sourceTree = "<group>"; };
		0560455B270A0AAE0080AA3E /* Dialog.cpp */ = {isa = PBXFileReference; lastKnownFileType = sourcecode.cpp.cpp; name = Dialog.cpp; path = ../src/Game/Dialog.cpp; sourceTree = "<group>"; };
		0560455C270A0AAE0080AA3E /* LimitLine.cpp */ = {isa = PBXFileReference; lastKnownFileType = sourcecode.cpp.cpp; name = LimitLine.cpp; path = ../src/Game/LimitLine.cpp; sourceTree = "<group>"; };
		0560455D270A0AAE0080AA3E /* LevelSelector.cpp */ = {isa = PBXFileReference; lastKnownFileType = sourcecode.cpp.cpp; name = LevelSelector.cpp; path = ../src/Game/LevelSelector.cpp; sourceTree = "<group>"; };
		0560455E270A0AAE0080AA3E /* AbstractGuiElement.cpp */ = {isa = PBXFileReference; lastKnownFileType = sourcecode.cpp.cpp; name = AbstractGuiElement.cpp; path = ../src/Game/AbstractGuiElement.cpp; sourceTree = "<group>"; };
		0560455F270A0AAE0080AA3E /* Player.cpp */ = {isa = PBXFileReference; lastKnownFileType = sourcecode.cpp.cpp; name = Player.cpp; path = ../src/Game/Player.cpp; sourceTree = "<group>"; };
		05604560270A0AAE0080AA3E /* LevelSelectorSidecar.cpp */ = {isa = PBXFileReference; lastKnownFileType = sourcecode.cpp.cpp; name = LevelSelectorSidecar.cpp; path = ../src/Game/LevelSelectorSidecar.cpp; sourceTree = "<group>"; };
		05604561270A0AAE0080AA3E /* Logo.cpp */ = {isa = PBXFileReference; lastKnownFileType = sourcecode.cpp.cpp; name = Logo.cpp; path = ../src/Game/Logo.cpp; sourceTree = "<group>"; };
		05604562270A0AAE0080AA3E /* Scenery.cpp */ = {isa = PBXFileReference; lastKnownFileType = sourcecode.cpp.cpp; name = Scenery.cpp; path = ../src/Game/Scenery.cpp; sourceTree = "<group>"; };
		05604563270A0AAE0080AA3E /* Skybox.cpp */ = {isa = PBXFileReference; lastKnownFileType = sourcecode.cpp.cpp; name = Skybox.cpp; path = ../src/Game/Skybox.cpp; sourceTree = "<group>"; };
		05604564270A0AAE0080AA3E /* OverlayGuiDetached.cpp */ = {isa = PBXFileReference; lastKnownFileType = sourcecode.cpp.cpp; name = OverlayGuiDetached.cpp; path = ../src/Game/OverlayGuiDetached.cpp; sourceTree = "<group>"; };
		05604565270A0AAE0080AA3E /* Onboarding.cpp */ = {isa = PBXFileReference; lastKnownFileType = sourcecode.cpp.cpp; name = Onboarding.cpp; path = ../src/Game/Onboarding.cpp; sourceTree = "<group>"; };
		05604566270A0AAE0080AA3E /* FallingBubble.cpp */ = {isa = PBXFileReference; lastKnownFileType = sourcecode.cpp.cpp; name = FallingBubble.cpp; path = ../src/Game/FallingBubble.cpp; sourceTree = "<group>"; };
		05604567270A0AAE0080AA3E /* ElectricBall.cpp */ = {isa = PBXFileReference; lastKnownFileType = sourcecode.cpp.cpp; name = ElectricBall.cpp; path = ../src/Game/ElectricBall.cpp; sourceTree = "<group>"; };
		0560457E270A0AD50080AA3E /* BaseDrawable.cpp */ = {isa = PBXFileReference; lastKnownFileType = sourcecode.cpp.cpp; name = BaseDrawable.cpp; path = ../src/Graphics/BaseDrawable.cpp; sourceTree = "<group>"; };
		05604583270A0AE90080AA3E /* WaterShader.cpp */ = {isa = PBXFileReference; lastKnownFileType = sourcecode.cpp.cpp; name = WaterShader.cpp; path = ../src/Shaders/WaterShader.cpp; sourceTree = "<group>"; };
		05604584270A0AE90080AA3E /* SpriteShader.cpp */ = {isa = PBXFileReference; lastKnownFileType = sourcecode.cpp.cpp; name = SpriteShader.cpp; path = ../src/Shaders/SpriteShader.cpp; sourceTree = "<group>"; };
		05604585270A0AE90080AA3E /* PlasmaShader.cpp */ = {isa = PBXFileReference; lastKnownFileType = sourcecode.cpp.cpp; name = PlasmaShader.cpp; path = ../src/Shaders/PlasmaShader.cpp; sourceTree = "<group>"; };
		05604586270A0AE90080AA3E /* CubeMapShader.cpp */ = {isa = PBXFileReference; lastKnownFileType = sourcecode.cpp.cpp; name = CubeMapShader.cpp; path = ../src/Shaders/CubeMapShader.cpp; sourceTree = "<group>"; };
		05604587270A0AE90080AA3E /* ScreenQuadShader.cpp */ = {isa = PBXFileReference; lastKnownFileType = sourcecode.cpp.cpp; name = ScreenQuadShader.cpp; path = ../src/Shaders/ScreenQuadShader.cpp; sourceTree = "<group>"; };
		05604588270A0AE90080AA3E /* StarRoadShader.cpp */ = {isa = PBXFileReference; lastKnownFileType = sourcecode.cpp.cpp; name = StarRoadShader.cpp; path = ../src/Shaders/StarRoadShader.cpp; sourceTree = "<group>"; };
		05604589270A0AE90080AA3E /* SunShader.cpp */ = {isa = PBXFileReference; lastKnownFileType = sourcecode.cpp.cpp; name = SunShader.cpp; path = ../src/Shaders/SunShader.cpp; sourceTree = "<group>"; };
		05604595270A0AFC0080AA3E /* main.cpp */ = {isa = PBXFileReference; lastKnownFileType = sourcecode.cpp.cpp; name = main.cpp; path = ../src/main.cpp; sourceTree = "<group>"; };
		05604596270A0AFC0080AA3E /* Engine.cpp */ = {isa = PBXFileReference; lastKnownFileType = sourcecode.cpp.cpp; name = Engine.cpp; path = ../src/Engine.cpp; sourceTree = "<group>"; };
		05604597270A0AFC0080AA3E /* GameObject.cpp */ = {isa = PBXFileReference; lastKnownFileType = sourcecode.cpp.cpp; name = GameObject.cpp; path = ../src/GameObject.cpp; sourceTree = "<group>"; };
		05604598270A0AFC0080AA3E /* RoomManager.cpp */ = {isa = PBXFileReference; lastKnownFileType = sourcecode.cpp.cpp; name = RoomManager.cpp; path = ../src/RoomManager.cpp; sourceTree = "<group>"; };
		05604599270A0AFC0080AA3E /* CollisionManager.cpp */ = {isa = PBXFileReference; lastKnownFileType = sourcecode.cpp.cpp; name = CollisionManager.cpp; path = ../src/CollisionManager.cpp; sourceTree = "<group>"; };
		0560459A270A0AFC0080AA3E /* InputManager.cpp */ = {isa = PBXFileReference; lastKnownFileType = sourcecode.cpp.cpp; name = InputManager.cpp; path = ../src/InputManager.cpp; sourceTree = "<group>"; };
		0560459B270A0AFC0080AA3E /* AssetManager.cpp */ = {isa = PBXFileReference; lastKnownFileType = sourcecode.cpp.cpp; name = AssetManager.cpp; path = ../src/AssetManager.cpp; sourceTree = "<group>"; };
		056045AA270A223B0080AA3E /* libpng16.16.38.git.dylib */ = {isa = PBXFileReference; lastKnownFileType = "compiled.mach-o.dylib"; name = libpng16.16.38.git.dylib; path = "../../../../Development/ios-sim64/lib/libpng16.16.38.git.dylib"; sourceTree = "<group>"; };
		056045AC270A22C50080AA3E /* libpng16.16.dylib */ = {isa = PBXFileReference; lastKnownFileType = "compiled.mach-o.dylib"; name = libpng16.16.dylib; path = "../../../../Development/ios-sim64/lib/libpng16.16.dylib"; sourceTree = "<group>"; };
		056045B1270A23A80080AA3E /* libSDL2-2.0.dylib */ = {isa = PBXFileReference; lastKnownFileType = "compiled.mach-o.dylib"; name = "libSDL2-2.0.dylib"; path = "../../../../Development/ios-sim64/lib/libSDL2-2.0.dylib"; sourceTree = "<group>"; };
		056045B6270A25DA0080AA3E /* Foundation.framework */ = {isa = PBXFileReference; lastKnownFileType = wrapper.framework; name = Foundation.framework; path = System/Library/Frameworks/Foundation.framework; sourceTree = SDKROOT; };
		05F22C632709F0DA00C34B15 /* libMagnumTrade.a */ = {isa = PBXFileReference; lastKnownFileType = archive.ar; name = libMagnumTrade.a; path = "../../../../Development/ios-sim64/lib/libMagnumTrade.a"; sourceTree = "<group>"; };
		05F22C642709F0DA00C34B15 /* libMagnumShaders.a */ = {isa = PBXFileReference; lastKnownFileType = archive.ar; name = libMagnumShaders.a; path = "../../../../Development/ios-sim64/lib/libMagnumShaders.a"; sourceTree = "<group>"; };
		05F22C652709F0DA00C34B15 /* libMagnumAudio.a */ = {isa = PBXFileReference; lastKnownFileType = archive.ar; name = libMagnumAudio.a; path = "../../../../Development/ios-sim64/lib/libMagnumAudio.a"; sourceTree = "<group>"; };
		05F22C662709F0DA00C34B15 /* libCorradePluginManager.a */ = {isa = PBXFileReference; lastKnownFileType = archive.ar; name = libCorradePluginManager.a; path = "../../../../Development/ios-sim64/lib/libCorradePluginManager.a"; sourceTree = "<group>"; };
		05F22C672709F0DA00C34B15 /* libMagnumPrimitives.a */ = {isa = PBXFileReference; lastKnownFileType = archive.ar; name = libMagnumPrimitives.a; path = "../../../../Development/ios-sim64/lib/libMagnumPrimitives.a"; sourceTree = "<group>"; };
		05F22C682709F0DA00C34B15 /* libMagnumMeshTools.a */ = {isa = PBXFileReference; lastKnownFileType = archive.ar; name = libMagnumMeshTools.a; path = "../../../../Development/ios-sim64/lib/libMagnumMeshTools.a"; sourceTree = "<group>"; };
		05F22C692709F0DA00C34B15 /* libMagnumTextureTools.a */ = {isa = PBXFileReference; lastKnownFileType = archive.ar; name = libMagnumTextureTools.a; path = "../../../../Development/ios-sim64/lib/libMagnumTextureTools.a"; sourceTree = "<group>"; };
		05F22C6A2709F0DA00C34B15 /* libMagnum.a */ = {isa = PBXFileReference; lastKnownFileType = archive.ar; name = libMagnum.a; path = "../../../../Development/ios-sim64/lib/libMagnum.a"; sourceTree = "<group>"; };
		05F22C6B2709F0DA00C34B15 /* libpng16.a */ = {isa = PBXFileReference; lastKnownFileType = archive.ar; name = libpng16.a; path = "../../../../Development/ios-sim64/lib/libpng16.a"; sourceTree = "<group>"; };
		05F22C6C2709F0DA00C34B15 /* libSDL2.a */ = {isa = PBXFileReference; lastKnownFileType = archive.ar; name = libSDL2.a; path = "../../../../Development/ios-sim64/lib/libSDL2.a"; sourceTree = "<group>"; };
		05F22C6D2709F0DA00C34B15 /* libMagnumSdl2Application.a */ = {isa = PBXFileReference; lastKnownFileType = archive.ar; name = libMagnumSdl2Application.a; path = "../../../../Development/ios-sim64/lib/libMagnumSdl2Application.a"; sourceTree = "<group>"; };
		05F22C6E2709F0DA00C34B15 /* libCorradeInterconnect.a */ = {isa = PBXFileReference; lastKnownFileType = archive.ar; name = libCorradeInterconnect.a; path = "../../../../Development/ios-sim64/lib/libCorradeInterconnect.a"; sourceTree = "<group>"; };
		05F22C6F2709F0DA00C34B15 /* libCorradeUtility.a */ = {isa = PBXFileReference; lastKnownFileType = archive.ar; name = libCorradeUtility.a; path = "../../../../Development/ios-sim64/lib/libCorradeUtility.a"; sourceTree = "<group>"; };
		05F22C702709F0DA00C34B15 /* libMagnumSceneGraph.a */ = {isa = PBXFileReference; lastKnownFileType = archive.ar; name = libMagnumSceneGraph.a; path = "../../../../Development/ios-sim64/lib/libMagnumSceneGraph.a"; sourceTree = "<group>"; };
		05F22C712709F0DA00C34B15 /* libMagnumGL.a */ = {isa = PBXFileReference; lastKnownFileType = archive.ar; name = libMagnumGL.a; path = "../../../../Development/ios-sim64/lib/libMagnumGL.a"; sourceTree = "<group>"; };
		05F22C722709F0DA00C34B15 /* libMagnumText.a */ = {isa = PBXFileReference; lastKnownFileType = archive.ar; name = libMagnumText.a; path = "../../../../Development/ios-sim64/lib/libMagnumText.a"; sourceTree = "<group>"; };
		05F22C872709F34500C34B15 /* magnum */ = {isa = PBXFileReference; lastKnownFileType = folder; name = magnum; path = "../../../../Development/ios-sim64/lib/magnum"; sourceTree = "<group>"; };
		05F22C8C2709F35900C34B15 /* libStbVorbisAudioImporter.a */ = {isa = PBXFileReference; lastKnownFileType = archive.ar; name = libStbVorbisAudioImporter.a; path = "../../../../Development/ios-sim64/lib/magnum/audioimporters/libStbVorbisAudioImporter.a"; sourceTree = "<group>"; };
		05F22C8E2709F37200C34B15 /* libStbTrueTypeFont.a */ = {isa = PBXFileReference; lastKnownFileType = archive.ar; name = libStbTrueTypeFont.a; path = "../../../../Development/ios-sim64/lib/magnum/fonts/libStbTrueTypeFont.a"; sourceTree = "<group>"; };
		05F22C902709F38600C34B15 /* libAnySceneImporter.a */ = {isa = PBXFileReference; lastKnownFileType = archive.ar; name = libAnySceneImporter.a; path = "../../../../Development/ios-sim64/lib/magnum/importers/libAnySceneImporter.a"; sourceTree = "<group>"; };
		05F22C912709F38600C34B15 /* libTinyGltfImporter.a */ = {isa = PBXFileReference; lastKnownFileType = archive.ar; name = libTinyGltfImporter.a; path = "../../../../Development/ios-sim64/lib/magnum/importers/libTinyGltfImporter.a"; sourceTree = "<group>"; };
		05F22C922709F38600C34B15 /* libPngImporter.a */ = {isa = PBXFileReference; lastKnownFileType = archive.ar; name = libPngImporter.a; path = "../../../../Development/ios-sim64/lib/magnum/importers/libPngImporter.a"; sourceTree = "<group>"; };
		05F22C932709F38600C34B15 /* libAnyImageImporter.a */ = {isa = PBXFileReference; lastKnownFileType = archive.ar; name = libAnyImageImporter.a; path = "../../../../Development/ios-sim64/lib/magnum/importers/libAnyImageImporter.a"; sourceTree = "<group>"; };
		05F22C9D2709F4AE00C34B15 /* libSDL2main.a */ = {isa = PBXFileReference; lastKnownFileType = archive.ar; name = libSDL2main.a; path = "../../../../Development/ios-sim64/lib/libSDL2main.a"; sourceTree = "<group>"; };
		05F22CA02709F51A00C34B15 /* OpenGLES.framework */ = {isa = PBXFileReference; lastKnownFileType = wrapper.framework; name = OpenGLES.framework; path = System/Library/Frameworks/OpenGLES.framework; sourceTree = SDKROOT; };
		05F22CA32709F53B00C34B15 /* Metal.framework */ = {isa = PBXFileReference; lastKnownFileType = wrapper.framework; name = Metal.framework; path = System/Library/Frameworks/Metal.framework; sourceTree = SDKROOT; };
		05F22CA92709F56F00C34B15 /* OpenAL.framework */ = {isa = PBXFileReference; lastKnownFileType = wrapper.framework; name = OpenAL.framework; path = System/Library/Frameworks/OpenAL.framework; sourceTree = SDKROOT; };
		05F22CF32709F63B00C34B15 /* UIKit.framework */ = {isa = PBXFileReference; lastKnownFileType = wrapper.framework; name = UIKit.framework; path = System/Library/Frameworks/UIKit.framework; sourceTree = SDKROOT; };
		05F22CF62709F6BF00C34B15 /* AudioToolbox.framework */ = {isa = PBXFileReference; lastKnownFileType = wrapper.framework; name = AudioToolbox.framework; path = System/Library/Frameworks/AudioToolbox.framework; sourceTree = SDKROOT; };
		05F22CF92709F6E800C34B15 /* AVFoundation.framework */ = {isa = PBXFileReference; lastKnownFileType = wrapper.framework; name = AVFoundation.framework; path = System/Library/Frameworks/AVFoundation.framework; sourceTree = SDKROOT; };
		05F22CFC2709F72700C34B15 /* GameController.framework */ = {isa = PBXFileReference; lastKnownFileType = wrapper.framework; name = GameController.framework; path = System/Library/Frameworks/GameController.framework; sourceTree = SDKROOT; };
		05F22D002709F8AF00C34B15 /* CoreBluetooth.framework */ = {isa = PBXFileReference; lastKnownFileType = wrapper.framework; name = CoreBluetooth.framework; path = System/Library/Frameworks/CoreBluetooth.framework; sourceTree = SDKROOT; };
		AFB14C0627007181005837DE /* libMagnum.a */ = {isa = PBXFileReference; lastKnownFileType = archive.ar; name = libMagnum.a; path = "../../../Users/etuitus/ios-libs/lib/libMagnum.a"; sourceTree = "<group>"; };
		AFB14C0727007182005837DE /* libCorradeTestSuite.a */ = {isa = PBXFileReference; lastKnownFileType = archive.ar; name = libCorradeTestSuite.a; path = "../../../Users/etuitus/ios-libs/lib/libCorradeTestSuite.a"; sourceTree = "<group>"; };
		AFB14C0827007182005837DE /* libMagnumAudio.a */ = {isa = PBXFileReference; lastKnownFileType = archive.ar; name = libMagnumAudio.a; path = "../../../Users/etuitus/ios-libs/lib/libMagnumAudio.a"; sourceTree = "<group>"; };
		AFB14C0927007182005837DE /* libCorradeUtility.a */ = {isa = PBXFileReference; lastKnownFileType = archive.ar; name = libCorradeUtility.a; path = "../../../Users/etuitus/ios-libs/lib/libCorradeUtility.a"; sourceTree = "<group>"; };
		AFB14C0A27007183005837DE /* libMagnumPrimitives.a */ = {isa = PBXFileReference; lastKnownFileType = archive.ar; name = libMagnumPrimitives.a; path = "../../../Users/etuitus/ios-libs/lib/libMagnumPrimitives.a"; sourceTree = "<group>"; };
		AFB14C0B27007183005837DE /* libMagnumSdl2Application.a */ = {isa = PBXFileReference; lastKnownFileType = archive.ar; name = libMagnumSdl2Application.a; path = "../../../Users/etuitus/ios-libs/lib/libMagnumSdl2Application.a"; sourceTree = "<group>"; };
		AFB14C0C27007184005837DE /* libMagnumGL.a */ = {isa = PBXFileReference; lastKnownFileType = archive.ar; name = libMagnumGL.a; path = "../../../Users/etuitus/ios-libs/lib/libMagnumGL.a"; sourceTree = "<group>"; };
		AFB14C0D27007184005837DE /* libMagnumMeshTools.a */ = {isa = PBXFileReference; lastKnownFileType = archive.ar; name = libMagnumMeshTools.a; path = "../../../Users/etuitus/ios-libs/lib/libMagnumMeshTools.a"; sourceTree = "<group>"; };
		AFB14C0E27007184005837DE /* libCorradePluginManager.a */ = {isa = PBXFileReference; lastKnownFileType = archive.ar; name = libCorradePluginManager.a; path = "../../../Users/etuitus/ios-libs/lib/libCorradePluginManager.a"; sourceTree = "<group>"; };
		AFB14C0F27007185005837DE /* libCorradeInterconnect.a */ = {isa = PBXFileReference; lastKnownFileType = archive.ar; name = libCorradeInterconnect.a; path = "../../../Users/etuitus/ios-libs/lib/libCorradeInterconnect.a"; sourceTree = "<group>"; };
		AFB14C1A270071B7005837DE /* libMagnumText.a */ = {isa = PBXFileReference; lastKnownFileType = archive.ar; name = libMagnumText.a; path = "../../../Users/etuitus/ios-libs/lib/libMagnumText.a"; sourceTree = "<group>"; };
		AFB14C1B270071B7005837DE /* libMagnumTrade.a */ = {isa = PBXFileReference; lastKnownFileType = archive.ar; name = libMagnumTrade.a; path = "../../../Users/etuitus/ios-libs/lib/libMagnumTrade.a"; sourceTree = "<group>"; };
		AFB14C1C270071B8005837DE /* libMagnumShaders.a */ = {isa = PBXFileReference; lastKnownFileType = archive.ar; name = libMagnumShaders.a; path = "../../../Users/etuitus/ios-libs/lib/libMagnumShaders.a"; sourceTree = "<group>"; };
		AFB14C1D270071B8005837DE /* libMagnumTextureTools.a */ = {isa = PBXFileReference; lastKnownFileType = archive.ar; name = libMagnumTextureTools.a; path = "../../../Users/etuitus/ios-libs/lib/libMagnumTextureTools.a"; sourceTree = "<group>"; };
		AFB14C1E270071B8005837DE /* libSDL2.a */ = {isa = PBXFileReference; lastKnownFileType = archive.ar; name = libSDL2.a; path = "../../../Users/etuitus/ios-libs/lib/libSDL2.a"; sourceTree = "<group>"; };
		AFB14C1F270071B8005837DE /* libMagnumSceneGraph.a */ = {isa = PBXFileReference; lastKnownFileType = archive.ar; name = libMagnumSceneGraph.a; path = "../../../Users/etuitus/ios-libs/lib/libMagnumSceneGraph.a"; sourceTree = "<group>"; };
		AFB14C392700726C005837DE /* libMagnumDebugTools.a */ = {isa = PBXFileReference; lastKnownFileType = archive.ar; name = libMagnumDebugTools.a; path = "../../../Users/etuitus/ios-libs/lib/libMagnumDebugTools.a"; sourceTree = "<group>"; };
		AFFB4E3426FF48DC00FD2500 /* breakmycircle_sim.app */ = {isa = PBXFileReference; explicitFileType = wrapper.application; includeInIndex = 0; path = breakmycircle_sim.app; sourceTree = BUILT_PRODUCTS_DIR; };
		AFFB4E3B26FF48DE00FD2500 /* Assets.xcassets */ = {isa = PBXFileReference; lastKnownFileType = folder.assetcatalog; path = Assets.xcassets; sourceTree = "<group>"; };
		AFFB4E4026FF48DE00FD2500 /* Info.plist */ = {isa = PBXFileReference; lastKnownFileType = text.plist.xml; path = Info.plist; sourceTree = "<group>"; };
/* End PBXFileReference section */

/* Begin PBXFrameworksBuildPhase section */
		AFFB4E3126FF48DC00FD2500 /* Frameworks */ = {
			isa = PBXFrameworksBuildPhase;
			buildActionMask = 2147483647;
			files = (
				056045B7270A25DA0080AA3E /* Foundation.framework in Frameworks */,
				05F22CF42709F63B00C34B15 /* UIKit.framework in Frameworks */,
				05F22CA72709F55F00C34B15 /* OpenGLES.framework in Frameworks */,
				05F22CAA2709F56F00C34B15 /* OpenAL.framework in Frameworks */,
				056045AD270A22C50080AA3E /* libpng16.16.dylib in Frameworks */,
				056045B2270A23A80080AA3E /* libSDL2-2.0.dylib in Frameworks */,
				0535EAE1270A55B1009462B0 /* libSDL2main.a in Frameworks */,
				05F22C7E2709F0DA00C34B15 /* libCorradeInterconnect.a in Frameworks */,
				05F22C7F2709F0DA00C34B15 /* libCorradeUtility.a in Frameworks */,
				05F22C762709F0DA00C34B15 /* libCorradePluginManager.a in Frameworks */,
				05F22C732709F0DA00C34B15 /* libMagnumTrade.a in Frameworks */,
				05F22C742709F0DA00C34B15 /* libMagnumShaders.a in Frameworks */,
				05F22C752709F0DA00C34B15 /* libMagnumAudio.a in Frameworks */,
				05F22C772709F0DA00C34B15 /* libMagnumPrimitives.a in Frameworks */,
				05F22C842709F11B00C34B15 /* libCorradeUtility.a in Frameworks */,
				05F22C782709F0DA00C34B15 /* libMagnumMeshTools.a in Frameworks */,
				05F22C792709F0DA00C34B15 /* libMagnumTextureTools.a in Frameworks */,
				05F22C7D2709F0DA00C34B15 /* libMagnumSdl2Application.a in Frameworks */,
				05F22C802709F0DA00C34B15 /* libMagnumSceneGraph.a in Frameworks */,
				05F22C812709F0DA00C34B15 /* libMagnumGL.a in Frameworks */,
				05F22C822709F0DA00C34B15 /* libMagnumText.a in Frameworks */,
				05F22C7A2709F0DA00C34B15 /* libMagnum.a in Frameworks */,
				05F22C992709F3CE00C34B15 /* libStbVorbisAudioImporter.a in Frameworks */,
				05F22C8F2709F37200C34B15 /* libStbTrueTypeFont.a in Frameworks */,
				05F22C952709F38600C34B15 /* libTinyGltfImporter.a in Frameworks */,
				05F22C962709F38600C34B15 /* libPngImporter.a in Frameworks */,
				05F22C972709F38600C34B15 /* libAnyImageImporter.a in Frameworks */,
				0535EAE2270A6130009462B0 /* libAnySceneImporter.a in Frameworks */,
			);
			runOnlyForDeploymentPostprocessing = 0;
		};
/* End PBXFrameworksBuildPhase section */

/* Begin PBXGroup section */
		0535E8F7270A4259009462B0 /* Sources */ = {
			isa = PBXGroup;
			children = (
				0535E8F8270A4267009462B0 /* Startup.swift */,
			);
			path = Sources;
			sourceTree = "<group>";
		};
		0535E90F270A4D01009462B0 /* Assets */ = {
			isa = PBXGroup;
			children = (
				0535EA61270A4DE7009462B0 /* assets.json */,
				0535EAD6270A51BD009462B0 /* audios */,
				0535EAD4270A51BC009462B0 /* fonts */,
				0535EAD1270A51BC009462B0 /* paths */,
				0535EAD2270A51BC009462B0 /* rooms */,
				0535EAD5270A51BD009462B0 /* scenes */,
				0535EAD3270A51BC009462B0 /* shaders */,
				0535EAD7270A51BD009462B0 /* textures */,
			);
			name = Assets;
			sourceTree = "<group>";
		};
		0560453D270A0A200080AA3E /* Audio */ = {
			isa = PBXGroup;
			children = (
				0560453E270A0A350080AA3E /* StreamedAudioBuffer.cpp */,
				0560453F270A0A350080AA3E /* StreamedAudioPlayable.cpp */,
			);
			name = Audio;
			sourceTree = "<group>";
		};
		05604543270A0A490080AA3E /* Common */ = {
			isa = PBXGroup;
			children = (
				05604547270A0A770080AA3E /* CustomRenderers */,
				0560454E270A0A950080AA3E /* AbstractCustomRenderer.cpp */,
				0560454F270A0A950080AA3E /* CommonUtility.cpp */,
				0560454D270A0A950080AA3E /* LinePath.cpp */,
			);
			name = Common;
			sourceTree = "<group>";
		};
		05604547270A0A770080AA3E /* CustomRenderers */ = {
			isa = PBXGroup;
			children = (
				05604549270A0A850080AA3E /* LSNumberRenderer.cpp */,
				05604548270A0A850080AA3E /* PlasmaSquareRenderer.cpp */,
			);
			name = CustomRenderers;
			sourceTree = "<group>";
		};
		0560457D270A0AB60080AA3E /* Game */ = {
			isa = PBXGroup;
			children = (
				0560455E270A0AAE0080AA3E /* AbstractGuiElement.cpp */,
				05604557270A0AAE0080AA3E /* Bubble.cpp */,
				0560455A270A0AAE0080AA3E /* Congrats.cpp */,
				0560455B270A0AAE0080AA3E /* Dialog.cpp */,
				05604567270A0AAE0080AA3E /* ElectricBall.cpp */,
				05604566270A0AAE0080AA3E /* FallingBubble.cpp */,
				0560455D270A0AAE0080AA3E /* LevelSelector.cpp */,
				05604560270A0AAE0080AA3E /* LevelSelectorSidecar.cpp */,
				0560455C270A0AAE0080AA3E /* LimitLine.cpp */,
				05604561270A0AAE0080AA3E /* Logo.cpp */,
				05604558270A0AAE0080AA3E /* MapPickup.cpp */,
				05604565270A0AAE0080AA3E /* Onboarding.cpp */,
				05604554270A0AAE0080AA3E /* OverlayGui.cpp */,
				05604564270A0AAE0080AA3E /* OverlayGuiDetached.cpp */,
				05604555270A0AAE0080AA3E /* OverlayText.cpp */,
				0560455F270A0AAE0080AA3E /* Player.cpp */,
				05604556270A0AAE0080AA3E /* Projectile.cpp */,
				05604559270A0AAE0080AA3E /* SafeMinigame.cpp */,
				05604562270A0AAE0080AA3E /* Scenery.cpp */,
				05604563270A0AAE0080AA3E /* Skybox.cpp */,
			);
			name = Game;
			sourceTree = "<group>";
		};
		05604581270A0AD80080AA3E /* Graphics */ = {
			isa = PBXGroup;
			children = (
				0560457E270A0AD50080AA3E /* BaseDrawable.cpp */,
			);
			name = Graphics;
			sourceTree = "<group>";
		};
		05604592270A0AEB0080AA3E /* Shaders */ = {
			isa = PBXGroup;
			children = (
				05604586270A0AE90080AA3E /* CubeMapShader.cpp */,
				05604585270A0AE90080AA3E /* PlasmaShader.cpp */,
				05604587270A0AE90080AA3E /* ScreenQuadShader.cpp */,
				05604584270A0AE90080AA3E /* SpriteShader.cpp */,
				05604588270A0AE90080AA3E /* StarRoadShader.cpp */,
				05604589270A0AE90080AA3E /* SunShader.cpp */,
				05604583270A0AE90080AA3E /* WaterShader.cpp */,
			);
			name = Shaders;
			sourceTree = "<group>";
		};
		05604594270A0AF20080AA3E /* Base */ = {
			isa = PBXGroup;
			children = (
				0560459B270A0AFC0080AA3E /* AssetManager.cpp */,
				05604599270A0AFC0080AA3E /* CollisionManager.cpp */,
				05604596270A0AFC0080AA3E /* Engine.cpp */,
				05604597270A0AFC0080AA3E /* GameObject.cpp */,
				0560459A270A0AFC0080AA3E /* InputManager.cpp */,
				05604595270A0AFC0080AA3E /* main.cpp */,
				05604598270A0AFC0080AA3E /* RoomManager.cpp */,
			);
			name = Base;
			sourceTree = "<group>";
		};
		AFB14C0527007181005837DE /* Frameworks */ = {
			isa = PBXGroup;
			children = (
				056045B6270A25DA0080AA3E /* Foundation.framework */,
				056045B1270A23A80080AA3E /* libSDL2-2.0.dylib */,
				056045AC270A22C50080AA3E /* libpng16.16.dylib */,
				056045AA270A223B0080AA3E /* libpng16.16.38.git.dylib */,
				05F22D002709F8AF00C34B15 /* CoreBluetooth.framework */,
				05F22CFC2709F72700C34B15 /* GameController.framework */,
				05F22CF92709F6E800C34B15 /* AVFoundation.framework */,
				05F22CF62709F6BF00C34B15 /* AudioToolbox.framework */,
				05F22CF32709F63B00C34B15 /* UIKit.framework */,
				05F22CA92709F56F00C34B15 /* OpenAL.framework */,
				05F22CA32709F53B00C34B15 /* Metal.framework */,
				05F22CA02709F51A00C34B15 /* OpenGLES.framework */,
				05F22C9D2709F4AE00C34B15 /* libSDL2main.a */,
				05F22C932709F38600C34B15 /* libAnyImageImporter.a */,
				05F22C902709F38600C34B15 /* libAnySceneImporter.a */,
				05F22C922709F38600C34B15 /* libPngImporter.a */,
				05F22C912709F38600C34B15 /* libTinyGltfImporter.a */,
				05F22C8E2709F37200C34B15 /* libStbTrueTypeFont.a */,
				05F22C8C2709F35900C34B15 /* libStbVorbisAudioImporter.a */,
				05F22C872709F34500C34B15 /* magnum */,
				05F22C6E2709F0DA00C34B15 /* libCorradeInterconnect.a */,
				05F22C662709F0DA00C34B15 /* libCorradePluginManager.a */,
				05F22C6F2709F0DA00C34B15 /* libCorradeUtility.a */,
				05F22C6A2709F0DA00C34B15 /* libMagnum.a */,
				05F22C652709F0DA00C34B15 /* libMagnumAudio.a */,
				05F22C712709F0DA00C34B15 /* libMagnumGL.a */,
				05F22C682709F0DA00C34B15 /* libMagnumMeshTools.a */,
				05F22C672709F0DA00C34B15 /* libMagnumPrimitives.a */,
				05F22C702709F0DA00C34B15 /* libMagnumSceneGraph.a */,
				05F22C6D2709F0DA00C34B15 /* libMagnumSdl2Application.a */,
				05F22C642709F0DA00C34B15 /* libMagnumShaders.a */,
				05F22C722709F0DA00C34B15 /* libMagnumText.a */,
				05F22C692709F0DA00C34B15 /* libMagnumTextureTools.a */,
				05F22C632709F0DA00C34B15 /* libMagnumTrade.a */,
				05F22C6B2709F0DA00C34B15 /* libpng16.a */,
				05F22C6C2709F0DA00C34B15 /* libSDL2.a */,
				AFB14C392700726C005837DE /* libMagnumDebugTools.a */,
				AFB14C1F270071B8005837DE /* libMagnumSceneGraph.a */,
				AFB14C1C270071B8005837DE /* libMagnumShaders.a */,
				AFB14C1A270071B7005837DE /* libMagnumText.a */,
				AFB14C1D270071B8005837DE /* libMagnumTextureTools.a */,
				AFB14C1B270071B7005837DE /* libMagnumTrade.a */,
				AFB14C1E270071B8005837DE /* libSDL2.a */,
				AFB14C0F27007185005837DE /* libCorradeInterconnect.a */,
				AFB14C0E27007184005837DE /* libCorradePluginManager.a */,
				AFB14C0727007182005837DE /* libCorradeTestSuite.a */,
				AFB14C0927007182005837DE /* libCorradeUtility.a */,
				AFB14C0627007181005837DE /* libMagnum.a */,
				AFB14C0827007182005837DE /* libMagnumAudio.a */,
				AFB14C0C27007184005837DE /* libMagnumGL.a */,
				AFB14C0D27007184005837DE /* libMagnumMeshTools.a */,
				AFB14C0A27007183005837DE /* libMagnumPrimitives.a */,
				AFB14C0B27007183005837DE /* libMagnumSdl2Application.a */,
			);
			name = Frameworks;
			sourceTree = "<group>";
		};
		AFFB4E2B26FF48DC00FD2500 = {
			isa = PBXGroup;
			children = (
				0535E90F270A4D01009462B0 /* Assets */,
				05604594270A0AF20080AA3E /* Base */,
				0560453D270A0A200080AA3E /* Audio */,
				05604543270A0A490080AA3E /* Common */,
				0560457D270A0AB60080AA3E /* Game */,
				05604581270A0AD80080AA3E /* Graphics */,
				05604592270A0AEB0080AA3E /* Shaders */,
				AFFB4E3626FF48DC00FD2500 /* BreakMyCircle */,
				AFFB4E3526FF48DC00FD2500 /* Products */,
				AFB14C0527007181005837DE /* Frameworks */,
			);
			sourceTree = "<group>";
		};
		AFFB4E3526FF48DC00FD2500 /* Products */ = {
			isa = PBXGroup;
			children = (
				AFFB4E3426FF48DC00FD2500 /* breakmycircle_sim.app */,
			);
			name = Products;
			sourceTree = "<group>";
		};
		AFFB4E3626FF48DC00FD2500 /* BreakMyCircle */ = {
			isa = PBXGroup;
			children = (
				0535E8F7270A4259009462B0 /* Sources */,
				AFFB4E3B26FF48DE00FD2500 /* Assets.xcassets */,
				AFFB4E4026FF48DE00FD2500 /* Info.plist */,
			);
			path = BreakMyCircle;
			sourceTree = "<group>";
		};
/* End PBXGroup section */

/* Begin PBXNativeTarget section */
		AFFB4E3326FF48DC00FD2500 /* breakmycircle_sim */ = {
			isa = PBXNativeTarget;
			buildConfigurationList = AFFB4E4326FF48DE00FD2500 /* Build configuration list for PBXNativeTarget "breakmycircle_sim" */;
			buildPhases = (
				AFFB4E3026FF48DC00FD2500 /* Sources */,
				AFFB4E3126FF48DC00FD2500 /* Frameworks */,
				AFFB4E3226FF48DC00FD2500 /* Resources */,
				056045B0270A23410080AA3E /* Embed Libraries */,
			);
			buildRules = (
			);
			dependencies = (
			);
			name = breakmycircle_sim;
			productName = breakmycircle;
			productReference = AFFB4E3426FF48DC00FD2500 /* breakmycircle_sim.app */;
			productType = "com.apple.product-type.application";
		};
/* End PBXNativeTarget section */

/* Begin PBXProject section */
		AFFB4E2C26FF48DC00FD2500 /* Project object */ = {
			isa = PBXProject;
			attributes = {
				LastSwiftUpdateCheck = 1240;
				LastUpgradeCheck = 1240;
				TargetAttributes = {
					AFFB4E3326FF48DC00FD2500 = {
						CreatedOnToolsVersion = 12.4;
						LastSwiftMigration = 1240;
					};
				};
			};
			buildConfigurationList = AFFB4E2F26FF48DC00FD2500 /* Build configuration list for PBXProject "breakmycircle" */;
			compatibilityVersion = "Xcode 9.3";
			developmentRegion = en;
			hasScannedForEncodings = 0;
			knownRegions = (
				en,
				Base,
			);
			mainGroup = AFFB4E2B26FF48DC00FD2500;
			productRefGroup = AFFB4E3526FF48DC00FD2500 /* Products */;
			projectDirPath = "";
			projectRoot = "";
			targets = (
				AFFB4E3326FF48DC00FD2500 /* breakmycircle_sim */,
			);
		};
/* End PBXProject section */

/* Begin PBXResourcesBuildPhase section */
		AFFB4E3226FF48DC00FD2500 /* Resources */ = {
			isa = PBXResourcesBuildPhase;
			buildActionMask = 2147483647;
			files = (
				AFFB4E3C26FF48DE00FD2500 /* Assets.xcassets in Resources */,
				0535EA62270A4DE7009462B0 /* assets.json in Resources */,
				0535EAD9270A51BD009462B0 /* paths in Resources */,
				0535EADA270A51BD009462B0 /* rooms in Resources */,
				0535EADF270A51BD009462B0 /* textures in Resources */,
				0535EADE270A51BD009462B0 /* audios in Resources */,
				0535EADD270A51BD009462B0 /* scenes in Resources */,
				0535EADC270A51BD009462B0 /* fonts in Resources */,
				0535EADB270A51BD009462B0 /* shaders in Resources */,
			);
			runOnlyForDeploymentPostprocessing = 0;
		};
/* End PBXResourcesBuildPhase section */

/* Begin PBXSourcesBuildPhase section */
		AFFB4E3026FF48DC00FD2500 /* Sources */ = {
			isa = PBXSourcesBuildPhase;
			buildActionMask = 2147483647;
			files = (
				0535E8F9270A4267009462B0 /* Startup.swift in Sources */,
				05604540270A0A350080AA3E /* StreamedAudioBuffer.cpp in Sources */,
				05604541270A0A350080AA3E /* StreamedAudioPlayable.cpp in Sources */,
				0560454A270A0A850080AA3E /* PlasmaSquareRenderer.cpp in Sources */,
				0560454B270A0A850080AA3E /* LSNumberRenderer.cpp in Sources */,
				05604550270A0A950080AA3E /* LinePath.cpp in Sources */,
				05604551270A0A950080AA3E /* AbstractCustomRenderer.cpp in Sources */,
				05604552270A0A950080AA3E /* CommonUtility.cpp in Sources */,
				05604568270A0AAF0080AA3E /* OverlayGui.cpp in Sources */,
				05604569270A0AAF0080AA3E /* OverlayText.cpp in Sources */,
				0560456A270A0AAF0080AA3E /* Projectile.cpp in Sources */,
				0560456B270A0AAF0080AA3E /* Bubble.cpp in Sources */,
				0560456C270A0AAF0080AA3E /* MapPickup.cpp in Sources */,
				0560456D270A0AAF0080AA3E /* SafeMinigame.cpp in Sources */,
				0560456E270A0AAF0080AA3E /* Congrats.cpp in Sources */,
				0560456F270A0AAF0080AA3E /* Dialog.cpp in Sources */,
				05604570270A0AAF0080AA3E /* LimitLine.cpp in Sources */,
				05604571270A0AAF0080AA3E /* LevelSelector.cpp in Sources */,
				05604572270A0AAF0080AA3E /* AbstractGuiElement.cpp in Sources */,
				05604573270A0AAF0080AA3E /* Player.cpp in Sources */,
				05604574270A0AAF0080AA3E /* LevelSelectorSidecar.cpp in Sources */,
				05604575270A0AAF0080AA3E /* Logo.cpp in Sources */,
				05604576270A0AAF0080AA3E /* Scenery.cpp in Sources */,
				05604577270A0AAF0080AA3E /* Skybox.cpp in Sources */,
				05604578270A0AAF0080AA3E /* OverlayGuiDetached.cpp in Sources */,
				05604579270A0AAF0080AA3E /* Onboarding.cpp in Sources */,
				0560457A270A0AAF0080AA3E /* FallingBubble.cpp in Sources */,
				0560457B270A0AAF0080AA3E /* ElectricBall.cpp in Sources */,
				0560457F270A0AD50080AA3E /* BaseDrawable.cpp in Sources */,
				0560458A270A0AE90080AA3E /* WaterShader.cpp in Sources */,
				0560458B270A0AE90080AA3E /* SpriteShader.cpp in Sources */,
				0560458C270A0AE90080AA3E /* PlasmaShader.cpp in Sources */,
				0560458D270A0AE90080AA3E /* CubeMapShader.cpp in Sources */,
				0560458E270A0AE90080AA3E /* ScreenQuadShader.cpp in Sources */,
				0560458F270A0AE90080AA3E /* StarRoadShader.cpp in Sources */,
				05604590270A0AE90080AA3E /* SunShader.cpp in Sources */,
				0560459D270A0AFC0080AA3E /* Engine.cpp in Sources */,
				0560459E270A0AFC0080AA3E /* GameObject.cpp in Sources */,
				0560459F270A0AFC0080AA3E /* RoomManager.cpp in Sources */,
				056045A0270A0AFC0080AA3E /* CollisionManager.cpp in Sources */,
				056045A1270A0AFC0080AA3E /* InputManager.cpp in Sources */,
				056045A2270A0AFC0080AA3E /* AssetManager.cpp in Sources */,
				0535E8F6270A3E41009462B0 /* main.cpp in Sources */,
			);
			runOnlyForDeploymentPostprocessing = 0;
		};
/* End PBXSourcesBuildPhase section */

/* Begin XCBuildConfiguration section */
		AFFB4E4126FF48DE00FD2500 /* Debug */ = {
			isa = XCBuildConfiguration;
			buildSettings = {
				ALWAYS_SEARCH_USER_PATHS = NO;
				CLANG_ANALYZER_NONNULL = YES;
				CLANG_ANALYZER_NUMBER_OBJECT_CONVERSION = YES_AGGRESSIVE;
				CLANG_CXX_LANGUAGE_STANDARD = "gnu++14";
				CLANG_CXX_LIBRARY = "libc++";
				CLANG_ENABLE_MODULES = YES;
				CLANG_ENABLE_OBJC_ARC = YES;
				CLANG_ENABLE_OBJC_WEAK = YES;
				CLANG_WARN_BLOCK_CAPTURE_AUTORELEASING = YES;
				CLANG_WARN_BOOL_CONVERSION = YES;
				CLANG_WARN_COMMA = YES;
				CLANG_WARN_CONSTANT_CONVERSION = YES;
				CLANG_WARN_DEPRECATED_OBJC_IMPLEMENTATIONS = YES;
				CLANG_WARN_DIRECT_OBJC_ISA_USAGE = YES_ERROR;
				CLANG_WARN_DOCUMENTATION_COMMENTS = NO;
				CLANG_WARN_EMPTY_BODY = YES;
				CLANG_WARN_ENUM_CONVERSION = YES;
				CLANG_WARN_INFINITE_RECURSION = YES;
				CLANG_WARN_INT_CONVERSION = YES;
				CLANG_WARN_NON_LITERAL_NULL_CONVERSION = YES;
				CLANG_WARN_OBJC_IMPLICIT_RETAIN_SELF = YES;
				CLANG_WARN_OBJC_LITERAL_CONVERSION = YES;
				CLANG_WARN_OBJC_ROOT_CLASS = YES_ERROR;
				CLANG_WARN_QUOTED_INCLUDE_IN_FRAMEWORK_HEADER = YES;
				CLANG_WARN_RANGE_LOOP_ANALYSIS = YES;
				CLANG_WARN_STRICT_PROTOTYPES = YES;
				CLANG_WARN_SUSPICIOUS_MOVE = YES;
				CLANG_WARN_UNGUARDED_AVAILABILITY = YES_AGGRESSIVE;
				CLANG_WARN_UNREACHABLE_CODE = YES;
				CLANG_WARN__DUPLICATE_METHOD_MATCH = YES;
				COPY_PHASE_STRIP = NO;
				DEBUG_INFORMATION_FORMAT = dwarf;
				ENABLE_STRICT_OBJC_MSGSEND = YES;
				ENABLE_TESTABILITY = YES;
				GCC_C_LANGUAGE_STANDARD = gnu11;
				GCC_DYNAMIC_NO_PIC = NO;
				GCC_NO_COMMON_BLOCKS = YES;
				GCC_OPTIMIZATION_LEVEL = 0;
				GCC_PREPROCESSOR_DEFINITIONS = (
					"DEBUG=1",
					"$(inherited)",
				);
				GCC_WARN_64_TO_32_BIT_CONVERSION = YES;
				GCC_WARN_ABOUT_RETURN_TYPE = YES_ERROR;
				GCC_WARN_UNDECLARED_SELECTOR = YES;
				GCC_WARN_UNINITIALIZED_AUTOS = YES_AGGRESSIVE;
				GCC_WARN_UNUSED_FUNCTION = YES;
				GCC_WARN_UNUSED_VARIABLE = YES;
				IPHONEOS_DEPLOYMENT_TARGET = 14.4;
				MTL_ENABLE_DEBUG_INFO = INCLUDE_SOURCE;
				MTL_FAST_MATH = YES;
				ONLY_ACTIVE_ARCH = YES;
				SDKROOT = iphoneos;
				SWIFT_ACTIVE_COMPILATION_CONDITIONS = DEBUG;
				SWIFT_OPTIMIZATION_LEVEL = "-Onone";
			};
			name = Debug;
		};
		AFFB4E4226FF48DE00FD2500 /* Release */ = {
			isa = XCBuildConfiguration;
			buildSettings = {
				ALWAYS_SEARCH_USER_PATHS = NO;
				CLANG_ANALYZER_NONNULL = YES;
				CLANG_ANALYZER_NUMBER_OBJECT_CONVERSION = YES_AGGRESSIVE;
				CLANG_CXX_LANGUAGE_STANDARD = "gnu++14";
				CLANG_CXX_LIBRARY = "libc++";
				CLANG_ENABLE_MODULES = YES;
				CLANG_ENABLE_OBJC_ARC = YES;
				CLANG_ENABLE_OBJC_WEAK = YES;
				CLANG_WARN_BLOCK_CAPTURE_AUTORELEASING = YES;
				CLANG_WARN_BOOL_CONVERSION = YES;
				CLANG_WARN_COMMA = YES;
				CLANG_WARN_CONSTANT_CONVERSION = YES;
				CLANG_WARN_DEPRECATED_OBJC_IMPLEMENTATIONS = YES;
				CLANG_WARN_DIRECT_OBJC_ISA_USAGE = YES_ERROR;
				CLANG_WARN_DOCUMENTATION_COMMENTS = NO;
				CLANG_WARN_EMPTY_BODY = YES;
				CLANG_WARN_ENUM_CONVERSION = YES;
				CLANG_WARN_INFINITE_RECURSION = YES;
				CLANG_WARN_INT_CONVERSION = YES;
				CLANG_WARN_NON_LITERAL_NULL_CONVERSION = YES;
				CLANG_WARN_OBJC_IMPLICIT_RETAIN_SELF = YES;
				CLANG_WARN_OBJC_LITERAL_CONVERSION = YES;
				CLANG_WARN_OBJC_ROOT_CLASS = YES_ERROR;
				CLANG_WARN_QUOTED_INCLUDE_IN_FRAMEWORK_HEADER = YES;
				CLANG_WARN_RANGE_LOOP_ANALYSIS = YES;
				CLANG_WARN_STRICT_PROTOTYPES = YES;
				CLANG_WARN_SUSPICIOUS_MOVE = YES;
				CLANG_WARN_UNGUARDED_AVAILABILITY = YES_AGGRESSIVE;
				CLANG_WARN_UNREACHABLE_CODE = YES;
				CLANG_WARN__DUPLICATE_METHOD_MATCH = YES;
				COPY_PHASE_STRIP = NO;
				DEBUG_INFORMATION_FORMAT = "dwarf-with-dsym";
				ENABLE_NS_ASSERTIONS = NO;
				ENABLE_STRICT_OBJC_MSGSEND = YES;
				GCC_C_LANGUAGE_STANDARD = gnu11;
				GCC_NO_COMMON_BLOCKS = YES;
				GCC_WARN_64_TO_32_BIT_CONVERSION = YES;
				GCC_WARN_ABOUT_RETURN_TYPE = YES_ERROR;
				GCC_WARN_UNDECLARED_SELECTOR = YES;
				GCC_WARN_UNINITIALIZED_AUTOS = YES_AGGRESSIVE;
				GCC_WARN_UNUSED_FUNCTION = YES;
				GCC_WARN_UNUSED_VARIABLE = YES;
				IPHONEOS_DEPLOYMENT_TARGET = 14.4;
				MTL_ENABLE_DEBUG_INFO = NO;
				MTL_FAST_MATH = YES;
				SDKROOT = iphoneos;
				SWIFT_COMPILATION_MODE = wholemodule;
				SWIFT_OPTIMIZATION_LEVEL = "-O";
				VALIDATE_PRODUCT = YES;
			};
			name = Release;
		};
		AFFB4E4426FF48DE00FD2500 /* Debug */ = {
			isa = XCBuildConfiguration;
			buildSettings = {
				ASSETCATALOG_COMPILER_APPICON_NAME = AppIcon;
				ASSETCATALOG_COMPILER_GLOBAL_ACCENT_COLOR_NAME = AccentColor;
				CLANG_CXX_LANGUAGE_STANDARD = "c++17";
				CLANG_CXX_LIBRARY = "libc++";
				CLANG_ENABLE_MODULES = YES;
				CODE_SIGN_STYLE = Automatic;
				DEVELOPMENT_ASSET_PATHS = "";
				ENABLE_PREVIEWS = YES;
				GCC_C_LANGUAGE_STANDARD = c11;
				GCC_ENABLE_CPP_RTTI = YES;
				HEADER_SEARCH_PATHS = (
					"/Users/alfonso/Development/ios-sim64/include",
					"/Users/alfonso/Development/ios-sim64/include/SDL2",
					"/Users/alfonso/Development/ios-sim64/include/AL",
					/Users/alfonso/Development/nlohmann/include,
					/Users/alfonso/Development/common/include,
				);
				INFOPLIST_FILE = breakmycircle/Info.plist;
				IPHONEOS_DEPLOYMENT_TARGET = 14.0;
				LD_RUNPATH_SEARCH_PATHS = (
					"$(inherited)",
					"@executable_path/Frameworks",
				);
				LIBRARY_SEARCH_PATHS = (
					"/Users/alfonso/Development/ios-sim64/lib",
					"/Users/alfonso/Development/ios-sim64/lib/magnum/audioimporters",
					"/Users/alfonso/Development/ios-sim64/lib/magnum/fonts",
					"/Users/alfonso/Development/ios-sim64/lib/magnum/importers",
				);
				MARKETING_VERSION = 0.1;
				OTHER_CPLUSPLUSFLAGS = (
					"$(OTHER_CFLAGS)",
					"-fno-rtti",
					"-Wl,-all_load",
				);
				PRODUCT_BUNDLE_IDENTIFIER = it.fonztech.breakmycircle;
				PRODUCT_NAME = "$(TARGET_NAME)";
				SWIFT_OBJC_BRIDGING_HEADER = "";
				SWIFT_OPTIMIZATION_LEVEL = "-Onone";
				SWIFT_VERSION = 5.0;
				TARGETED_DEVICE_FAMILY = "1,2";
				USER_HEADER_SEARCH_PATHS = /Users/alfonso/Documents/Workspace/BreakMyCircle/src;
			};
			name = Debug;
		};
		AFFB4E4526FF48DE00FD2500 /* Release */ = {
			isa = XCBuildConfiguration;
			buildSettings = {
				ASSETCATALOG_COMPILER_APPICON_NAME = AppIcon;
				ASSETCATALOG_COMPILER_GLOBAL_ACCENT_COLOR_NAME = AccentColor;
				CLANG_CXX_LANGUAGE_STANDARD = "c++17";
				CLANG_CXX_LIBRARY = "libc++";
				CLANG_ENABLE_MODULES = YES;
				CODE_SIGN_STYLE = Automatic;
				DEVELOPMENT_ASSET_PATHS = "";
				ENABLE_PREVIEWS = YES;
				GCC_C_LANGUAGE_STANDARD = c11;
				GCC_ENABLE_CPP_RTTI = YES;
				HEADER_SEARCH_PATHS = (
					"/Users/alfonso/Development/ios-sim64/include",
					"/Users/alfonso/Development/ios-sim64/include/SDL2",
					"/Users/alfonso/Development/ios-sim64/include/AL",
					/Users/alfonso/Development/nlohmann/include,
					/Users/alfonso/Development/common/include,
				);
				INFOPLIST_FILE = breakmycircle/Info.plist;
				IPHONEOS_DEPLOYMENT_TARGET = 14.0;
				LD_RUNPATH_SEARCH_PATHS = (
					"$(inherited)",
					"@executable_path/Frameworks",
				);
				LIBRARY_SEARCH_PATHS = (
					"/Users/alfonso/Development/ios-sim64/lib",
					"/Users/alfonso/Development/ios-sim64/lib/magnum/audioimporters",
					"/Users/alfonso/Development/ios-sim64/lib/magnum/fonts",
					"/Users/alfonso/Development/ios-sim64/lib/magnum/importers",
				);
				MARKETING_VERSION = 0.1;
				OTHER_CPLUSPLUSFLAGS = (
					"$(OTHER_CFLAGS)",
					"-fno-rtti",
					"-Wl,-all_load",
				);
				PRODUCT_BUNDLE_IDENTIFIER = it.fonztech.breakmycircle;
				PRODUCT_NAME = "$(TARGET_NAME)";
				SWIFT_OBJC_BRIDGING_HEADER = "";
				SWIFT_VERSION = 5.0;
				TARGETED_DEVICE_FAMILY = "1,2";
				USER_HEADER_SEARCH_PATHS = /Users/alfonso/Documents/Workspace/BreakMyCircle/src;
			};
			name = Release;
		};
/* End XCBuildConfiguration section */

/* Begin XCConfigurationList section */
		AFFB4E2F26FF48DC00FD2500 /* Build configuration list for PBXProject "breakmycircle" */ = {
			isa = XCConfigurationList;
			buildConfigurations = (
				AFFB4E4126FF48DE00FD2500 /* Debug */,
				AFFB4E4226FF48DE00FD2500 /* Release */,
			);
			defaultConfigurationIsVisible = 0;
			defaultConfigurationName = Release;
		};
		AFFB4E4326FF48DE00FD2500 /* Build configuration list for PBXNativeTarget "breakmycircle_sim" */ = {
			isa = XCConfigurationList;
			buildConfigurations = (
				AFFB4E4426FF48DE00FD2500 /* Debug */,
				AFFB4E4526FF48DE00FD2500 /* Release */,
			);
			defaultConfigurationIsVisible = 0;
			defaultConfigurationName = Release;
		};
/* End XCConfigurationList section */
	};
	rootObject = AFFB4E2C26FF48DC00FD2500 /* Project object */;
}
